
Microsoft Visual Studio Solution File, Format Version 12.00
Project("{FAE04EC0-301F-11D3-BF4B-00C04F79EFBC}") = "Cohesive", "src\Cohesive\Cohesive.csproj", "{05360B58-092C-41BC-ADFA-7E57E3B8B69C}"
EndProject
Project("{FAE04EC0-301F-11D3-BF4B-00C04F79EFBC}") = "Cohesive.Examples", "src\Cohesive.Examples\Cohesive.Examples.csproj", "{ADCE4F8C-91A4-405B-ACD7-AD0F35036C67}"
EndProject
Project("{FAE04EC0-301F-11D3-BF4B-00C04F79EFBC}") = "Cohesive.Analyzers", "src\Cohesive.Analyzers\Cohesive.Analyzers.csproj", "{FA8E26FF-1F09-4B36-A478-86253EFDAE5E}"
EndProject
Project("{FAE04EC0-301F-11D3-BF4B-00C04F79EFBC}") = "Cohesive.Tests", "src\Cohesive.Tests\Cohesive.Tests.csproj", "{40E3DE5C-7B7B-4C08-94C3-3E7ADE73FC7F}"
EndProject
Project("{FAE04EC0-301F-11D3-BF4B-00C04F79EFBC}") = "Cohesive.Relations", "src\Cohesive.Relations\Cohesive.Relations.csproj", "{A3D016FE-E8FD-49F4-B6C8-5B60510C0627}"
EndProject
Project("{FAE04EC0-301F-11D3-BF4B-00C04F79EFBC}") = "Cohesive.Transitions", "src\Cohesive.Transitions\Cohesive.Transitions.csproj", "{F57D5502-4CFB-4B3B-AECE-53AED50372BE}"
EndProject
Project("{FAE04EC0-301F-11D3-BF4B-00C04F79EFBC}") = "Cohesive.Processes", "src\Cohesive.Processes\Cohesive.Processes.csproj", "{B620FF05-4322-4B4F-BE2E-D77A22244081}"
EndProject
Project("{FAE04EC0-301F-11D3-BF4B-00C04F79EFBC}") = "Cohesive.Processes.Distribution", "src\Cohesive.Processes.Distribution\Cohesive.Processes.Distribution.csproj", "{C346DF35-55B5-4EE5-A461-0A55192D4BE0}"
EndProject
Project("{FAE04EC0-301F-11D3-BF4B-00C04F79EFBC}") = "Cohesive.Storage", "src\Cohesive.Storage\Cohesive.Storage.csproj", "{508472A5-4955-42F7-8FBB-A4951EB25A4D}"
EndProject
Project("{FAE04EC0-301F-11D3-BF4B-00C04F79EFBC}") = "Cohesive.Adapters.Cosmos", "src\adapters\Cohesive.Adapters.Cosmos\Cohesive.Adapters.Cosmos.csproj", "{2C80E5D8-D64A-471F-8961-28D4A75B4B93}"
EndProject
Project("{FAE04EC0-301F-11D3-BF4B-00C04F79EFBC}") = "Cohesive.Adapters.Elastic", "src\adapters\Cohesive.Adapters.Elastic\Cohesive.Adapters.Elastic.csproj", "{3140538F-FDCB-4CBA-A241-F1756CC01AF1}"
EndProject
Project("{FAE04EC0-301F-11D3-BF4B-00C04F79EFBC}") = "Cohesive.Adapters.DurableTask", "src\adapters\Cohesive.Adapters.DurableTask\Cohesive.Adapters.DurableTask.csproj", "{D1D74F42-05EC-4FF2-A73F-0C5D66BD9A64}"
EndProject
Project("{FAE04EC0-301F-11D3-BF4B-00C04F79EFBC}") = "Cohesive.Adapters.AspNet", "src\adapters\Cohesive.Adapters.AspNet\Cohesive.Adapters.AspNet.csproj", "{9DDC7323-74CA-4C0D-BB20-0BD147AC85B7}"
EndProject
Project("{FAE04EC0-301F-11D3-BF4B-00C04F79EFBC}") = "Cohesive.Host", "src\Cohesive.Host\Cohesive.Host.csproj", "{77A3471A-9958-4127-B988-A5E386110062}"
EndProject
Project("{2150E333-8FDC-42A3-9474-1A3956D46DE8}") = "tests", "tests", "{5751A714-1C63-4459-AE6F-B239AFE570E4}"
EndProject
Project("{2150E333-8FDC-42A3-9474-1A3956D46DE8}") = "adapters", "adapters", "{E43C7668-D288-496F-90C4-887287F717D4}"
EndProject
Project("{FAE04EC0-301F-11D3-BF4B-00C04F79EFBC}") = "Cohesive.Relations.Tests", "src\Cohesive.Relations.Tests\Cohesive.Relations.Tests.csproj", "{0394D0C1-4862-4DF8-BC16-12F370ECD70C}"
EndProject
Project("{FAE04EC0-301F-11D3-BF4B-00C04F79EFBC}") = "Cohesive.Relations.TestFixtures", "src\Cohesive.Relations.TestFixtures\Cohesive.Relations.TestFixtures.csproj", "{6658E4FA-BA99-44AE-9218-5F07B39E4897}"
EndProject
Project("{FAE04EC0-301F-11D3-BF4B-00C04F79EFBC}") = "Cohesive.ExecutionKernel.TestFixtures", "src\Cohesive.ExecutionKernel.TestFixtures\Cohesive.ExecutionKernel.TestFixtures.csproj", "{0731B436-8589-4CF4-AA80-4B485CEED45B}"
EndProject
Project("{FAE04EC0-301F-11D3-BF4B-00C04F79EFBC}") = "Cohesive.Relations.Benchmarks", "src\Cohesive.Relations.Benchmarks\Cohesive.Relations.Benchmarks.csproj", "{2768E70C-0685-490D-ACD0-D747845906ED}"
EndProject
Project("{FAE04EC0-301F-11D3-BF4B-00C04F79EFBC}") = "Cohesive.AI", "src\Cohesive.AI\Cohesive.AI.csproj", "{5ED74299-0802-46DB-8999-C0846B223B15}"
EndProject
Project("{FAE04EC0-301F-11D3-BF4B-00C04F79EFBC}") = "Cohesive.Adapters.ONNX", "src\adapters\Cohesive.Adapters.ONNX\Cohesive.Adapters.ONNX.csproj", "{4A1154A2-5443-4A45-BF59-B6A991E18B3C}"
EndProject
Project("{FAE04EC0-301F-11D3-BF4B-00C04F79EFBC}") = "Cohesive.Adapters.MicrosoftML", "src\adapters\Cohesive.Adapters.MicrosoftML\Cohesive.Adapters.MicrosoftML.csproj", "{FD73655A-BDD9-4D11-91AA-544296307618}"
EndProject
Project("{FAE04EC0-301F-11D3-BF4B-00C04F79EFBC}") = "Cohesive.AI.Tests", "src\Cohesive.AI.Tests\Cohesive.AI.Tests.csproj", "{D17034C2-3A82-4B7C-9C0E-AF04B10381F2}"
EndProject
Project("{FAE04EC0-301F-11D3-BF4B-00C04F79EFBC}") = "Cohesive.Adapters.Parquet", "src\adapters\Cohesive.Adapters.Parquet\Cohesive.Adapters.Parquet.csproj", "{7E54416E-8A4E-4FF1-96C1-DDDA0B476A4E}"
EndProject
Project("{FAE04EC0-301F-11D3-BF4B-00C04F79EFBC}") = "Cohesive.Adapters.AzureStorage", "src\adapters\Cohesive.Adapters.AzureStorage\Cohesive.Adapters.AzureStorage.csproj", "{513E86E8-F7EE-4032-88E6-5C9C4AE60204}"
EndProject
Project("{FAE04EC0-301F-11D3-BF4B-00C04F79EFBC}") = "Cohesive.Adapters.GitHub", "src\adapters\Cohesive.Adapters.GitHub\Cohesive.Adapters.GitHub.csproj", "{48B68B63-E721-4B23-A97E-1C53F8874D5A}"
EndProject
Project("{FAE04EC0-301F-11D3-BF4B-00C04F79EFBC}") = "Cohesive.Adapters.TypeScript", "src\adapters\Cohesive.Adapters.TypeScript\Cohesive.Adapters.TypeScript.csproj", "{AB3616C4-02A8-49DD-9AFD-1B8ADD7F792E}"
EndProject
Project("{FAE04EC0-301F-11D3-BF4B-00C04F79EFBC}") = "Cohesive.Adapters.CSharp", "src\adapters\Cohesive.Adapters.CSharp\Cohesive.Adapters.CSharp.csproj", "{A9E743C7-349A-4F42-9F51-5A3C04C4189B}"
EndProject
Project("{FAE04EC0-301F-11D3-BF4B-00C04F79EFBC}") = "Cohesive.CodeGen.Cli", "src\Cohesive.CodeGen.Cli\Cohesive.CodeGen.Cli.csproj", "{0B255456-C67D-40CA-9D3E-59C1AC40A75F}"
EndProject
Project("{FAE04EC0-301F-11D3-BF4B-00C04F79EFBC}") = "Cohesive.Api", "src\Cohesive.Api\Cohesive.Api.csproj", "{B6BB9F12-A287-448D-8F4B-D5B377503810}"
EndProject
Project("{FAE04EC0-301F-11D3-BF4B-00C04F79EFBC}") = "Cohesive.Api.Execution", "src\Cohesive.Api.Execution\Cohesive.Api.Execution.csproj", "{B942A468-3A18-4612-9132-768377C443DE}"
EndProject
Project("{FAE04EC0-301F-11D3-BF4B-00C04F79EFBC}") = "Cohesive.Host.Tests", "src\Cohesive.Host.Tests\Cohesive.Host.Tests.csproj", "{0FBCD3A3-D8AA-49F2-90DC-872B6E804B02}"
EndProject
Project("{FAE04EC0-301F-11D3-BF4B-00C04F79EFBC}") = "Cohesive.Configuration", "src\Cohesive.Configuration\Cohesive.Configuration.csproj", "{E65DC297-B7F2-43AF-AA23-99A14866DD05}"
EndProject
Project("{FAE04EC0-301F-11D3-BF4B-00C04F79EFBC}") = "Cohesive.Configuration.Tests", "src\Cohesive.Configuration.Tests\Cohesive.Configuration.Tests.csproj", "{29AE4FC8-AB46-4513-9367-225593B017BA}"
EndProject
Project("{FAE04EC0-301F-11D3-BF4B-00C04F79EFBC}") = "Cohesive.Adapters.AzureAppConfiguration", "src\adapters\Cohesive.Adapters.AzureAppConfiguration\Cohesive.Adapters.AzureAppConfiguration.csproj", "{199A03BA-30B7-4FC1-8588-8250764D9C89}"
EndProject
Project("{FAE04EC0-301F-11D3-BF4B-00C04F79EFBC}") = "Cohesive.Adapters.AzureML", "src\adapters\Cohesive.Adapters.AzureML\Cohesive.Adapters.AzureML.csproj", "{0DDE268F-DCE3-4357-B1BD-7C1782C7D828}"
EndProject
Project("{FAE04EC0-301F-11D3-BF4B-00C04F79EFBC}") = "Cohesive.Adapters.OpenApi", "src\adapters\Cohesive.Adapters.OpenApi\Cohesive.Adapters.OpenApi.csproj", "{D3CF3698-3388-40EA-A8DB-26C396F127BF}"
EndProject
Project("{FAE04EC0-301F-11D3-BF4B-00C04F79EFBC}") = "Cohesive.Adapters.GraphQL", "src\adapters\Cohesive.Adapters.GraphQL\Cohesive.Adapters.GraphQL.csproj", "{444DBC5C-E61F-4A0A-AB80-B117A09BFF51}"
EndProject
Project("{FAE04EC0-301F-11D3-BF4B-00C04F79EFBC}") = "Cohesive.Presentation", "src\Cohesive.Presentation\Cohesive.Presentation.csproj", "{7AE7569D-6F82-496F-A04F-25427508B78E}"
EndProject
Project("{FAE04EC0-301F-11D3-BF4B-00C04F79EFBC}") = "Cohesive.Identity", "src\Cohesive.Identity\Cohesive.Identity.csproj", "{83E93CB1-276D-4CCE-AC0C-ABC0E5AC78AC}"
EndProject
Project("{FAE04EC0-301F-11D3-BF4B-00C04F79EFBC}") = "Cohesive.Relations.Contracts", "src\Cohesive.Relations.Contracts\Cohesive.Relations.Contracts.csproj", "{4FDB867D-BDEE-4101-A8BE-5982E842174D}"
EndProject
Project("{FAE04EC0-301F-11D3-BF4B-00C04F79EFBC}") = "Cohesive.Processes.Contracts", "src\Cohesive.Processes.Contracts\Cohesive.Processes.Contracts.csproj", "{B438A896-9589-4285-97D2-9145088B3373}"
EndProject
Project("{FAE04EC0-301F-11D3-BF4B-00C04F79EFBC}") = "Cohesive.Adapters.Json", "src\adapters\Cohesive.Adapters.Json\Cohesive.Adapters.Json.csproj", "{05FD9E64-5AE4-4271-993B-63B7FF4824A7}"
EndProject
Project("{2150E333-8FDC-42A3-9474-1A3956D46DE8}") = "docs", "docs", "{6F2CE868-7A5C-4DAE-8016-66309C69FDFE}"
	ProjectSection(SolutionItems) = preProject
		AGENTS.md = AGENTS.md
		README.md = README.md
	EndProjectSection
EndProject
Project("{FAE04EC0-301F-11D3-BF4B-00C04F79EFBC}") = "Cohesive.Adapters.Postgres", "src\adapters\Cohesive.Adapters.Postgres\Cohesive.Adapters.Postgres.csproj", "{5C867DD2-FBB3-44C8-9C00-CA02006E6FB2}"
EndProject
Project("{FAE04EC0-301F-11D3-BF4B-00C04F79EFBC}") = "Cohesive.Adapters.AzureML.Tests", "src\Cohesive.Adapters.AzureML.Tests\Cohesive.Adapters.AzureML.Tests.csproj", "{1058BBA1-B29C-4172-9240-603FFEAD2071}"
EndProject
Project("{FAE04EC0-301F-11D3-BF4B-00C04F79EFBC}") = "Cohesive.MaterializationHarness.Host", "eng\materialization-harness\host\Cohesive.MaterializationHarness.Host.csproj", "{CF25C26B-2216-4718-B83A-6920554628BA}"
EndProject
Project("{FAE04EC0-301F-11D3-BF4B-00C04F79EFBC}") = "Cohesive.MaterializationHarness.Materialize", "eng\materialization-harness\materialize\Cohesive.MaterializationHarness.Materialize.csproj", "{81D5B476-F230-4D81-856C-533151D8C713}"
EndProject
Project("{FAE04EC0-301F-11D3-BF4B-00C04F79EFBC}") = "Cohesive.MaterializationHarness.Model", "eng\materialization-harness\model\Cohesive.MaterializationHarness.Model.csproj", "{05018D7F-F647-43E8-98A6-AB79EE0C955A}"
EndProject
Project("{FAE04EC0-301F-11D3-BF4B-00C04F79EFBC}") = "Cohesive.MaterializationHarness.Supervise", "eng\materialization-harness\supervise\Cohesive.MaterializationHarness.Supervise.csproj", "{7B470D57-1EB7-480F-A0B9-42DFEAFCAFEA}"
EndProject
Project("{FAE04EC0-301F-11D3-BF4B-00C04F79EFBC}") = "Cohesive.Infra", "src\Cohesive.Infra\Cohesive.Infra.csproj", "{720DCA2D-8EC7-43AD-8E97-68AD21B65BD5}"
EndProject
Project("{FAE04EC0-301F-11D3-BF4B-00C04F79EFBC}") = "Cohesive.Infra.Tests", "src\Cohesive.Infra.Tests\Cohesive.Infra.Tests.csproj", "{45109B51-0D75-443A-9D50-329E760CF53D}"
EndProject
Project("{FAE04EC0-301F-11D3-BF4B-00C04F79EFBC}") = "Cohesive.MaterializationHarness.Control", "eng\materialization-harness\control\Cohesive.MaterializationHarness.Control.csproj", "{050A78EF-194C-4931-95F0-3ADA2951522E}"
EndProject
Project("{FAE04EC0-301F-11D3-BF4B-00C04F79EFBC}") = "Cohesive.Adapters.DockerCompose", "src\adapters\Cohesive.Adapters.DockerCompose\Cohesive.Adapters.DockerCompose.csproj", "{DE57B1AA-EB93-4151-B840-6E571757657D}"
EndProject
Project("{FAE04EC0-301F-11D3-BF4B-00C04F79EFBC}") = "Cohesive.MaterializationHarness.Infra", "eng\materialization-harness\infra\Cohesive.MaterializationHarness.Infra.csproj", "{A59F8A86-8AF3-4B15-A8F2-7D9AEF5E94ED}"
EndProject
Project("{FAE04EC0-301F-11D3-BF4B-00C04F79EFBC}") = "Cohesive.Adapters.Aspire", "src\adapters\Cohesive.Adapters.Aspire\Cohesive.Adapters.Aspire.csproj", "{DB141DD1-5D3E-41F4-9422-F22FF29A9D17}"
EndProject
Project("{FAE04EC0-301F-11D3-BF4B-00C04F79EFBC}") = "Cohesive.Adapters.Aspire.Tests", "src\Cohesive.Adapters.Aspire.Tests\Cohesive.Adapters.Aspire.Tests.csproj", "{EB7A5594-B4F0-4D53-B379-A905C693B03D}"
EndProject
Project("{FAE04EC0-301F-11D3-BF4B-00C04F79EFBC}") = "Cohesive.Simulation", "src\Cohesive.Simulation\Cohesive.Simulation.csproj", "{2D8A820B-B188-418E-8D66-38A2770A0704}"
EndProject
Project("{FAE04EC0-301F-11D3-BF4B-00C04F79EFBC}") = "Cohesive.Simulation.Relations", "src\Cohesive.Simulation.Relations\Cohesive.Simulation.Relations.csproj", "{7A52BB21-019D-44B2-B254-FB15E36141BD}"
EndProject
Project("{FAE04EC0-301F-11D3-BF4B-00C04F79EFBC}") = "Cohesive.Simulation.Relations.Tests", "src\Cohesive.Simulation.Relations.Tests\Cohesive.Simulation.Relations.Tests.csproj", "{22008EAD-70F9-43E7-8483-33509F3B4250}"
EndProject
Project("{FAE04EC0-301F-11D3-BF4B-00C04F79EFBC}") = "Cohesive.Simulation.Xunit", "src\Cohesive.Simulation.Xunit\Cohesive.Simulation.Xunit.csproj", "{C87015CA-9597-4396-A0C9-733751D73887}"
EndProject
Project("{FAE04EC0-301F-11D3-BF4B-00C04F79EFBC}") = "Cohesive.Simulation.Tests", "src\Cohesive.Simulation.Tests\Cohesive.Simulation.Tests.csproj", "{86CDEB33-EEFF-435D-AA9D-FF6E227F1CCF}"
EndProject
Project("{FAE04EC0-301F-11D3-BF4B-00C04F79EFBC}") = "Cohesive.Simulation.Storage", "src\Cohesive.Simulation.Storage\Cohesive.Simulation.Storage.csproj", "{F85ADF47-E032-4AC1-8E2A-0712AC8F4C21}"
EndProject
Project("{FAE04EC0-301F-11D3-BF4B-00C04F79EFBC}") = "Cohesive.Cli", "src\Cohesive.Cli\Cohesive.Cli.csproj", "{B7EA3FB2-CF05-4ECA-AC94-00F85AF2877C}"
EndProject
Project("{FAE04EC0-301F-11D3-BF4B-00C04F79EFBC}") = "Cohesive.Cli.Tests", "src\Cohesive.Cli.Tests\Cohesive.Cli.Tests.csproj", "{9005315A-F513-44AE-ABBE-AC423AC8DC13}"
EndProject
Project("{FAE04EC0-301F-11D3-BF4B-00C04F79EFBC}") = "Cohesive.Simulation.Cli", "src\Cohesive.Simulation.Cli\Cohesive.Simulation.Cli.csproj", "{72FE0B3E-39BD-4065-ADB4-4B064F0DFACC}"
EndProject
Project("{FAE04EC0-301F-11D3-BF4B-00C04F79EFBC}") = "Cohesive.Adapters.SQLite", "src\adapters\Cohesive.Adapters.SQLite\Cohesive.Adapters.SQLite.csproj", "{F51D0607-5D7A-441C-8012-58C07CBC56AC}"
EndProject
Project("{FAE04EC0-301F-11D3-BF4B-00C04F79EFBC}") = "Cohesive.Adapters.SQLite.Tests", "src\Cohesive.Adapters.SQLite.Tests\Cohesive.Adapters.SQLite.Tests.csproj", "{D68C2730-1162-40FE-B20C-7718D7F1C993}"
EndProject
Global
	GlobalSection(SolutionConfigurationPlatforms) = preSolution
		Debug|Any CPU = Debug|Any CPU
		Debug|x64 = Debug|x64
		Debug|x86 = Debug|x86
		Release|Any CPU = Release|Any CPU
		Release|x64 = Release|x64
		Release|x86 = Release|x86
	EndGlobalSection
	GlobalSection(ProjectConfigurationPlatforms) = postSolution
		{05360B58-092C-41BC-ADFA-7E57E3B8B69C}.Debug|Any CPU.ActiveCfg = Debug|Any CPU
		{05360B58-092C-41BC-ADFA-7E57E3B8B69C}.Debug|Any CPU.Build.0 = Debug|Any CPU
		{05360B58-092C-41BC-ADFA-7E57E3B8B69C}.Debug|x64.ActiveCfg = Debug|Any CPU
		{05360B58-092C-41BC-ADFA-7E57E3B8B69C}.Debug|x64.Build.0 = Debug|Any CPU
		{05360B58-092C-41BC-ADFA-7E57E3B8B69C}.Debug|x86.ActiveCfg = Debug|Any CPU
		{05360B58-092C-41BC-ADFA-7E57E3B8B69C}.Debug|x86.Build.0 = Debug|Any CPU
		{05360B58-092C-41BC-ADFA-7E57E3B8B69C}.Release|Any CPU.ActiveCfg = Release|Any CPU
		{05360B58-092C-41BC-ADFA-7E57E3B8B69C}.Release|Any CPU.Build.0 = Release|Any CPU
		{05360B58-092C-41BC-ADFA-7E57E3B8B69C}.Release|x64.ActiveCfg = Release|Any CPU
		{05360B58-092C-41BC-ADFA-7E57E3B8B69C}.Release|x64.Build.0 = Release|Any CPU
		{05360B58-092C-41BC-ADFA-7E57E3B8B69C}.Release|x86.ActiveCfg = Release|Any CPU
		{05360B58-092C-41BC-ADFA-7E57E3B8B69C}.Release|x86.Build.0 = Release|Any CPU
		{ADCE4F8C-91A4-405B-ACD7-AD0F35036C67}.Debug|Any CPU.ActiveCfg = Debug|Any CPU
		{ADCE4F8C-91A4-405B-ACD7-AD0F35036C67}.Debug|Any CPU.Build.0 = Debug|Any CPU
		{ADCE4F8C-91A4-405B-ACD7-AD0F35036C67}.Debug|x64.ActiveCfg = Debug|Any CPU
		{ADCE4F8C-91A4-405B-ACD7-AD0F35036C67}.Debug|x64.Build.0 = Debug|Any CPU
		{ADCE4F8C-91A4-405B-ACD7-AD0F35036C67}.Debug|x86.ActiveCfg = Debug|Any CPU
		{ADCE4F8C-91A4-405B-ACD7-AD0F35036C67}.Debug|x86.Build.0 = Debug|Any CPU
		{ADCE4F8C-91A4-405B-ACD7-AD0F35036C67}.Release|Any CPU.ActiveCfg = Release|Any CPU
		{ADCE4F8C-91A4-405B-ACD7-AD0F35036C67}.Release|Any CPU.Build.0 = Release|Any CPU
		{ADCE4F8C-91A4-405B-ACD7-AD0F35036C67}.Release|x64.ActiveCfg = Release|Any CPU
		{ADCE4F8C-91A4-405B-ACD7-AD0F35036C67}.Release|x64.Build.0 = Release|Any CPU
		{ADCE4F8C-91A4-405B-ACD7-AD0F35036C67}.Release|x86.ActiveCfg = Release|Any CPU
		{ADCE4F8C-91A4-405B-ACD7-AD0F35036C67}.Release|x86.Build.0 = Release|Any CPU
		{FA8E26FF-1F09-4B36-A478-86253EFDAE5E}.Debug|Any CPU.ActiveCfg = Debug|Any CPU
		{FA8E26FF-1F09-4B36-A478-86253EFDAE5E}.Debug|Any CPU.Build.0 = Debug|Any CPU
		{FA8E26FF-1F09-4B36-A478-86253EFDAE5E}.Debug|x64.ActiveCfg = Debug|Any CPU
		{FA8E26FF-1F09-4B36-A478-86253EFDAE5E}.Debug|x64.Build.0 = Debug|Any CPU
		{FA8E26FF-1F09-4B36-A478-86253EFDAE5E}.Debug|x86.ActiveCfg = Debug|Any CPU
		{FA8E26FF-1F09-4B36-A478-86253EFDAE5E}.Debug|x86.Build.0 = Debug|Any CPU
		{FA8E26FF-1F09-4B36-A478-86253EFDAE5E}.Release|Any CPU.ActiveCfg = Release|Any CPU
		{FA8E26FF-1F09-4B36-A478-86253EFDAE5E}.Release|Any CPU.Build.0 = Release|Any CPU
		{FA8E26FF-1F09-4B36-A478-86253EFDAE5E}.Release|x64.ActiveCfg = Release|Any CPU
		{FA8E26FF-1F09-4B36-A478-86253EFDAE5E}.Release|x64.Build.0 = Release|Any CPU
		{FA8E26FF-1F09-4B36-A478-86253EFDAE5E}.Release|x86.ActiveCfg = Release|Any CPU
		{FA8E26FF-1F09-4B36-A478-86253EFDAE5E}.Release|x86.Build.0 = Release|Any CPU
		{40E3DE5C-7B7B-4C08-94C3-3E7ADE73FC7F}.Debug|Any CPU.ActiveCfg = Debug|Any CPU
		{40E3DE5C-7B7B-4C08-94C3-3E7ADE73FC7F}.Debug|Any CPU.Build.0 = Debug|Any CPU
		{40E3DE5C-7B7B-4C08-94C3-3E7ADE73FC7F}.Debug|x64.ActiveCfg = Debug|Any CPU
		{40E3DE5C-7B7B-4C08-94C3-3E7ADE73FC7F}.Debug|x64.Build.0 = Debug|Any CPU
		{40E3DE5C-7B7B-4C08-94C3-3E7ADE73FC7F}.Debug|x86.ActiveCfg = Debug|Any CPU
		{40E3DE5C-7B7B-4C08-94C3-3E7ADE73FC7F}.Debug|x86.Build.0 = Debug|Any CPU
		{40E3DE5C-7B7B-4C08-94C3-3E7ADE73FC7F}.Release|Any CPU.ActiveCfg = Release|Any CPU
		{40E3DE5C-7B7B-4C08-94C3-3E7ADE73FC7F}.Release|Any CPU.Build.0 = Release|Any CPU
		{40E3DE5C-7B7B-4C08-94C3-3E7ADE73FC7F}.Release|x64.ActiveCfg = Release|Any CPU
		{40E3DE5C-7B7B-4C08-94C3-3E7ADE73FC7F}.Release|x64.Build.0 = Release|Any CPU
		{40E3DE5C-7B7B-4C08-94C3-3E7ADE73FC7F}.Release|x86.ActiveCfg = Release|Any CPU
		{40E3DE5C-7B7B-4C08-94C3-3E7ADE73FC7F}.Release|x86.Build.0 = Release|Any CPU
		{A3D016FE-E8FD-49F4-B6C8-5B60510C0627}.Debug|Any CPU.ActiveCfg = Debug|Any CPU
		{A3D016FE-E8FD-49F4-B6C8-5B60510C0627}.Debug|Any CPU.Build.0 = Debug|Any CPU
		{A3D016FE-E8FD-49F4-B6C8-5B60510C0627}.Debug|x64.ActiveCfg = Debug|Any CPU
		{A3D016FE-E8FD-49F4-B6C8-5B60510C0627}.Debug|x64.Build.0 = Debug|Any CPU
		{A3D016FE-E8FD-49F4-B6C8-5B60510C0627}.Debug|x86.ActiveCfg = Debug|Any CPU
		{A3D016FE-E8FD-49F4-B6C8-5B60510C0627}.Debug|x86.Build.0 = Debug|Any CPU
		{A3D016FE-E8FD-49F4-B6C8-5B60510C0627}.Release|Any CPU.ActiveCfg = Release|Any CPU
		{A3D016FE-E8FD-49F4-B6C8-5B60510C0627}.Release|Any CPU.Build.0 = Release|Any CPU
		{A3D016FE-E8FD-49F4-B6C8-5B60510C0627}.Release|x64.ActiveCfg = Release|Any CPU
		{A3D016FE-E8FD-49F4-B6C8-5B60510C0627}.Release|x64.Build.0 = Release|Any CPU
		{A3D016FE-E8FD-49F4-B6C8-5B60510C0627}.Release|x86.ActiveCfg = Release|Any CPU
		{A3D016FE-E8FD-49F4-B6C8-5B60510C0627}.Release|x86.Build.0 = Release|Any CPU
		{F57D5502-4CFB-4B3B-AECE-53AED50372BE}.Debug|Any CPU.ActiveCfg = Debug|Any CPU
		{F57D5502-4CFB-4B3B-AECE-53AED50372BE}.Debug|Any CPU.Build.0 = Debug|Any CPU
		{F57D5502-4CFB-4B3B-AECE-53AED50372BE}.Debug|x64.ActiveCfg = Debug|Any CPU
		{F57D5502-4CFB-4B3B-AECE-53AED50372BE}.Debug|x64.Build.0 = Debug|Any CPU
		{F57D5502-4CFB-4B3B-AECE-53AED50372BE}.Debug|x86.ActiveCfg = Debug|Any CPU
		{F57D5502-4CFB-4B3B-AECE-53AED50372BE}.Debug|x86.Build.0 = Debug|Any CPU
		{F57D5502-4CFB-4B3B-AECE-53AED50372BE}.Release|Any CPU.ActiveCfg = Release|Any CPU
		{F57D5502-4CFB-4B3B-AECE-53AED50372BE}.Release|Any CPU.Build.0 = Release|Any CPU
		{F57D5502-4CFB-4B3B-AECE-53AED50372BE}.Release|x64.ActiveCfg = Release|Any CPU
		{F57D5502-4CFB-4B3B-AECE-53AED50372BE}.Release|x64.Build.0 = Release|Any CPU
		{F57D5502-4CFB-4B3B-AECE-53AED50372BE}.Release|x86.ActiveCfg = Release|Any CPU
		{F57D5502-4CFB-4B3B-AECE-53AED50372BE}.Release|x86.Build.0 = Release|Any CPU
		{B620FF05-4322-4B4F-BE2E-D77A22244081}.Debug|Any CPU.ActiveCfg = Debug|Any CPU
		{B620FF05-4322-4B4F-BE2E-D77A22244081}.Debug|Any CPU.Build.0 = Debug|Any CPU
		{B620FF05-4322-4B4F-BE2E-D77A22244081}.Debug|x64.ActiveCfg = Debug|Any CPU
		{B620FF05-4322-4B4F-BE2E-D77A22244081}.Debug|x64.Build.0 = Debug|Any CPU
		{B620FF05-4322-4B4F-BE2E-D77A22244081}.Debug|x86.ActiveCfg = Debug|Any CPU
		{B620FF05-4322-4B4F-BE2E-D77A22244081}.Debug|x86.Build.0 = Debug|Any CPU
		{B620FF05-4322-4B4F-BE2E-D77A22244081}.Release|Any CPU.ActiveCfg = Release|Any CPU
		{B620FF05-4322-4B4F-BE2E-D77A22244081}.Release|Any CPU.Build.0 = Release|Any CPU
		{B620FF05-4322-4B4F-BE2E-D77A22244081}.Release|x64.ActiveCfg = Release|Any CPU
		{B620FF05-4322-4B4F-BE2E-D77A22244081}.Release|x64.Build.0 = Release|Any CPU
		{B620FF05-4322-4B4F-BE2E-D77A22244081}.Release|x86.ActiveCfg = Release|Any CPU
		{B620FF05-4322-4B4F-BE2E-D77A22244081}.Release|x86.Build.0 = Release|Any CPU
		{C346DF35-55B5-4EE5-A461-0A55192D4BE0}.Debug|Any CPU.ActiveCfg = Debug|Any CPU
		{C346DF35-55B5-4EE5-A461-0A55192D4BE0}.Debug|Any CPU.Build.0 = Debug|Any CPU
		{C346DF35-55B5-4EE5-A461-0A55192D4BE0}.Debug|x64.ActiveCfg = Debug|Any CPU
		{C346DF35-55B5-4EE5-A461-0A55192D4BE0}.Debug|x64.Build.0 = Debug|Any CPU
		{C346DF35-55B5-4EE5-A461-0A55192D4BE0}.Debug|x86.ActiveCfg = Debug|Any CPU
		{C346DF35-55B5-4EE5-A461-0A55192D4BE0}.Debug|x86.Build.0 = Debug|Any CPU
		{C346DF35-55B5-4EE5-A461-0A55192D4BE0}.Release|Any CPU.ActiveCfg = Release|Any CPU
		{C346DF35-55B5-4EE5-A461-0A55192D4BE0}.Release|Any CPU.Build.0 = Release|Any CPU
		{C346DF35-55B5-4EE5-A461-0A55192D4BE0}.Release|x64.ActiveCfg = Release|Any CPU
		{C346DF35-55B5-4EE5-A461-0A55192D4BE0}.Release|x64.Build.0 = Release|Any CPU
		{C346DF35-55B5-4EE5-A461-0A55192D4BE0}.Release|x86.ActiveCfg = Release|Any CPU
		{C346DF35-55B5-4EE5-A461-0A55192D4BE0}.Release|x86.Build.0 = Release|Any CPU
		{508472A5-4955-42F7-8FBB-A4951EB25A4D}.Debug|Any CPU.ActiveCfg = Debug|Any CPU
		{508472A5-4955-42F7-8FBB-A4951EB25A4D}.Debug|Any CPU.Build.0 = Debug|Any CPU
		{508472A5-4955-42F7-8FBB-A4951EB25A4D}.Debug|x64.ActiveCfg = Debug|Any CPU
		{508472A5-4955-42F7-8FBB-A4951EB25A4D}.Debug|x64.Build.0 = Debug|Any CPU
		{508472A5-4955-42F7-8FBB-A4951EB25A4D}.Debug|x86.ActiveCfg = Debug|Any CPU
		{508472A5-4955-42F7-8FBB-A4951EB25A4D}.Debug|x86.Build.0 = Debug|Any CPU
		{508472A5-4955-42F7-8FBB-A4951EB25A4D}.Release|Any CPU.ActiveCfg = Release|Any CPU
		{508472A5-4955-42F7-8FBB-A4951EB25A4D}.Release|Any CPU.Build.0 = Release|Any CPU
		{508472A5-4955-42F7-8FBB-A4951EB25A4D}.Release|x64.ActiveCfg = Release|Any CPU
		{508472A5-4955-42F7-8FBB-A4951EB25A4D}.Release|x64.Build.0 = Release|Any CPU
		{508472A5-4955-42F7-8FBB-A4951EB25A4D}.Release|x86.ActiveCfg = Release|Any CPU
		{508472A5-4955-42F7-8FBB-A4951EB25A4D}.Release|x86.Build.0 = Release|Any CPU
		{2C80E5D8-D64A-471F-8961-28D4A75B4B93}.Debug|Any CPU.ActiveCfg = Debug|Any CPU
		{2C80E5D8-D64A-471F-8961-28D4A75B4B93}.Debug|Any CPU.Build.0 = Debug|Any CPU
		{2C80E5D8-D64A-471F-8961-28D4A75B4B93}.Debug|x64.ActiveCfg = Debug|Any CPU
		{2C80E5D8-D64A-471F-8961-28D4A75B4B93}.Debug|x64.Build.0 = Debug|Any CPU
		{2C80E5D8-D64A-471F-8961-28D4A75B4B93}.Debug|x86.ActiveCfg = Debug|Any CPU
		{2C80E5D8-D64A-471F-8961-28D4A75B4B93}.Debug|x86.Build.0 = Debug|Any CPU
		{2C80E5D8-D64A-471F-8961-28D4A75B4B93}.Release|Any CPU.ActiveCfg = Release|Any CPU
		{2C80E5D8-D64A-471F-8961-28D4A75B4B93}.Release|Any CPU.Build.0 = Release|Any CPU
		{2C80E5D8-D64A-471F-8961-28D4A75B4B93}.Release|x64.ActiveCfg = Release|Any CPU
		{2C80E5D8-D64A-471F-8961-28D4A75B4B93}.Release|x64.Build.0 = Release|Any CPU
		{2C80E5D8-D64A-471F-8961-28D4A75B4B93}.Release|x86.ActiveCfg = Release|Any CPU
		{2C80E5D8-D64A-471F-8961-28D4A75B4B93}.Release|x86.Build.0 = Release|Any CPU
		{3140538F-FDCB-4CBA-A241-F1756CC01AF1}.Debug|Any CPU.ActiveCfg = Debug|Any CPU
		{3140538F-FDCB-4CBA-A241-F1756CC01AF1}.Debug|Any CPU.Build.0 = Debug|Any CPU
		{3140538F-FDCB-4CBA-A241-F1756CC01AF1}.Debug|x64.ActiveCfg = Debug|Any CPU
		{3140538F-FDCB-4CBA-A241-F1756CC01AF1}.Debug|x64.Build.0 = Debug|Any CPU
		{3140538F-FDCB-4CBA-A241-F1756CC01AF1}.Debug|x86.ActiveCfg = Debug|Any CPU
		{3140538F-FDCB-4CBA-A241-F1756CC01AF1}.Debug|x86.Build.0 = Debug|Any CPU
		{3140538F-FDCB-4CBA-A241-F1756CC01AF1}.Release|Any CPU.ActiveCfg = Release|Any CPU
		{3140538F-FDCB-4CBA-A241-F1756CC01AF1}.Release|Any CPU.Build.0 = Release|Any CPU
		{3140538F-FDCB-4CBA-A241-F1756CC01AF1}.Release|x64.ActiveCfg = Release|Any CPU
		{3140538F-FDCB-4CBA-A241-F1756CC01AF1}.Release|x64.Build.0 = Release|Any CPU
		{3140538F-FDCB-4CBA-A241-F1756CC01AF1}.Release|x86.ActiveCfg = Release|Any CPU
		{3140538F-FDCB-4CBA-A241-F1756CC01AF1}.Release|x86.Build.0 = Release|Any CPU
		{D1D74F42-05EC-4FF2-A73F-0C5D66BD9A64}.Debug|Any CPU.ActiveCfg = Debug|Any CPU
		{D1D74F42-05EC-4FF2-A73F-0C5D66BD9A64}.Debug|Any CPU.Build.0 = Debug|Any CPU
		{D1D74F42-05EC-4FF2-A73F-0C5D66BD9A64}.Debug|x64.ActiveCfg = Debug|Any CPU
		{D1D74F42-05EC-4FF2-A73F-0C5D66BD9A64}.Debug|x64.Build.0 = Debug|Any CPU
		{D1D74F42-05EC-4FF2-A73F-0C5D66BD9A64}.Debug|x86.ActiveCfg = Debug|Any CPU
		{D1D74F42-05EC-4FF2-A73F-0C5D66BD9A64}.Debug|x86.Build.0 = Debug|Any CPU
		{D1D74F42-05EC-4FF2-A73F-0C5D66BD9A64}.Release|Any CPU.ActiveCfg = Release|Any CPU
		{D1D74F42-05EC-4FF2-A73F-0C5D66BD9A64}.Release|Any CPU.Build.0 = Release|Any CPU
		{D1D74F42-05EC-4FF2-A73F-0C5D66BD9A64}.Release|x64.ActiveCfg = Release|Any CPU
		{D1D74F42-05EC-4FF2-A73F-0C5D66BD9A64}.Release|x64.Build.0 = Release|Any CPU
		{D1D74F42-05EC-4FF2-A73F-0C5D66BD9A64}.Release|x86.ActiveCfg = Release|Any CPU
		{D1D74F42-05EC-4FF2-A73F-0C5D66BD9A64}.Release|x86.Build.0 = Release|Any CPU
		{9DDC7323-74CA-4C0D-BB20-0BD147AC85B7}.Debug|Any CPU.ActiveCfg = Debug|Any CPU
		{9DDC7323-74CA-4C0D-BB20-0BD147AC85B7}.Debug|Any CPU.Build.0 = Debug|Any CPU
		{9DDC7323-74CA-4C0D-BB20-0BD147AC85B7}.Debug|x64.ActiveCfg = Debug|Any CPU
		{9DDC7323-74CA-4C0D-BB20-0BD147AC85B7}.Debug|x64.Build.0 = Debug|Any CPU
		{9DDC7323-74CA-4C0D-BB20-0BD147AC85B7}.Debug|x86.ActiveCfg = Debug|Any CPU
		{9DDC7323-74CA-4C0D-BB20-0BD147AC85B7}.Debug|x86.Build.0 = Debug|Any CPU
		{9DDC7323-74CA-4C0D-BB20-0BD147AC85B7}.Release|Any CPU.ActiveCfg = Release|Any CPU
		{9DDC7323-74CA-4C0D-BB20-0BD147AC85B7}.Release|Any CPU.Build.0 = Release|Any CPU
		{9DDC7323-74CA-4C0D-BB20-0BD147AC85B7}.Release|x64.ActiveCfg = Release|Any CPU
		{9DDC7323-74CA-4C0D-BB20-0BD147AC85B7}.Release|x64.Build.0 = Release|Any CPU
		{9DDC7323-74CA-4C0D-BB20-0BD147AC85B7}.Release|x86.ActiveCfg = Release|Any CPU
		{9DDC7323-74CA-4C0D-BB20-0BD147AC85B7}.Release|x86.Build.0 = Release|Any CPU
		{77A3471A-9958-4127-B988-A5E386110062}.Debug|Any CPU.ActiveCfg = Debug|Any CPU
		{77A3471A-9958-4127-B988-A5E386110062}.Debug|Any CPU.Build.0 = Debug|Any CPU
		{77A3471A-9958-4127-B988-A5E386110062}.Debug|x64.ActiveCfg = Debug|Any CPU
		{77A3471A-9958-4127-B988-A5E386110062}.Debug|x64.Build.0 = Debug|Any CPU
		{77A3471A-9958-4127-B988-A5E386110062}.Debug|x86.ActiveCfg = Debug|Any CPU
		{77A3471A-9958-4127-B988-A5E386110062}.Debug|x86.Build.0 = Debug|Any CPU
		{77A3471A-9958-4127-B988-A5E386110062}.Release|Any CPU.ActiveCfg = Release|Any CPU
		{77A3471A-9958-4127-B988-A5E386110062}.Release|Any CPU.Build.0 = Release|Any CPU
		{77A3471A-9958-4127-B988-A5E386110062}.Release|x64.ActiveCfg = Release|Any CPU
		{77A3471A-9958-4127-B988-A5E386110062}.Release|x64.Build.0 = Release|Any CPU
		{77A3471A-9958-4127-B988-A5E386110062}.Release|x86.ActiveCfg = Release|Any CPU
		{77A3471A-9958-4127-B988-A5E386110062}.Release|x86.Build.0 = Release|Any CPU
		{0394D0C1-4862-4DF8-BC16-12F370ECD70C}.Debug|Any CPU.ActiveCfg = Debug|Any CPU
		{0394D0C1-4862-4DF8-BC16-12F370ECD70C}.Debug|Any CPU.Build.0 = Debug|Any CPU
		{0394D0C1-4862-4DF8-BC16-12F370ECD70C}.Debug|x64.ActiveCfg = Debug|Any CPU
		{0394D0C1-4862-4DF8-BC16-12F370ECD70C}.Debug|x64.Build.0 = Debug|Any CPU
		{0394D0C1-4862-4DF8-BC16-12F370ECD70C}.Debug|x86.ActiveCfg = Debug|Any CPU
		{0394D0C1-4862-4DF8-BC16-12F370ECD70C}.Debug|x86.Build.0 = Debug|Any CPU
		{0394D0C1-4862-4DF8-BC16-12F370ECD70C}.Release|Any CPU.ActiveCfg = Release|Any CPU
		{0394D0C1-4862-4DF8-BC16-12F370ECD70C}.Release|Any CPU.Build.0 = Release|Any CPU
		{0394D0C1-4862-4DF8-BC16-12F370ECD70C}.Release|x64.ActiveCfg = Release|Any CPU
		{0394D0C1-4862-4DF8-BC16-12F370ECD70C}.Release|x64.Build.0 = Release|Any CPU
		{0394D0C1-4862-4DF8-BC16-12F370ECD70C}.Release|x86.ActiveCfg = Release|Any CPU
		{0394D0C1-4862-4DF8-BC16-12F370ECD70C}.Release|x86.Build.0 = Release|Any CPU
		{6658E4FA-BA99-44AE-9218-5F07B39E4897}.Debug|Any CPU.ActiveCfg = Debug|Any CPU
		{6658E4FA-BA99-44AE-9218-5F07B39E4897}.Debug|Any CPU.Build.0 = Debug|Any CPU
		{6658E4FA-BA99-44AE-9218-5F07B39E4897}.Debug|x64.ActiveCfg = Debug|Any CPU
		{6658E4FA-BA99-44AE-9218-5F07B39E4897}.Debug|x64.Build.0 = Debug|Any CPU
		{6658E4FA-BA99-44AE-9218-5F07B39E4897}.Debug|x86.ActiveCfg = Debug|Any CPU
		{6658E4FA-BA99-44AE-9218-5F07B39E4897}.Debug|x86.Build.0 = Debug|Any CPU
		{6658E4FA-BA99-44AE-9218-5F07B39E4897}.Release|Any CPU.ActiveCfg = Release|Any CPU
		{6658E4FA-BA99-44AE-9218-5F07B39E4897}.Release|Any CPU.Build.0 = Release|Any CPU
		{6658E4FA-BA99-44AE-9218-5F07B39E4897}.Release|x64.ActiveCfg = Release|Any CPU
		{6658E4FA-BA99-44AE-9218-5F07B39E4897}.Release|x64.Build.0 = Release|Any CPU
		{6658E4FA-BA99-44AE-9218-5F07B39E4897}.Release|x86.ActiveCfg = Release|Any CPU
		{6658E4FA-BA99-44AE-9218-5F07B39E4897}.Release|x86.Build.0 = Release|Any CPU
		{0731B436-8589-4CF4-AA80-4B485CEED45B}.Debug|Any CPU.ActiveCfg = Debug|Any CPU
		{0731B436-8589-4CF4-AA80-4B485CEED45B}.Debug|Any CPU.Build.0 = Debug|Any CPU
		{0731B436-8589-4CF4-AA80-4B485CEED45B}.Debug|x64.ActiveCfg = Debug|Any CPU
		{0731B436-8589-4CF4-AA80-4B485CEED45B}.Debug|x64.Build.0 = Debug|Any CPU
		{0731B436-8589-4CF4-AA80-4B485CEED45B}.Debug|x86.ActiveCfg = Debug|Any CPU
		{0731B436-8589-4CF4-AA80-4B485CEED45B}.Debug|x86.Build.0 = Debug|Any CPU
		{0731B436-8589-4CF4-AA80-4B485CEED45B}.Release|Any CPU.ActiveCfg = Release|Any CPU
		{0731B436-8589-4CF4-AA80-4B485CEED45B}.Release|Any CPU.Build.0 = Release|Any CPU
		{0731B436-8589-4CF4-AA80-4B485CEED45B}.Release|x64.ActiveCfg = Release|Any CPU
		{0731B436-8589-4CF4-AA80-4B485CEED45B}.Release|x64.Build.0 = Release|Any CPU
		{0731B436-8589-4CF4-AA80-4B485CEED45B}.Release|x86.ActiveCfg = Release|Any CPU
		{0731B436-8589-4CF4-AA80-4B485CEED45B}.Release|x86.Build.0 = Release|Any CPU
		{2768E70C-0685-490D-ACD0-D747845906ED}.Debug|Any CPU.ActiveCfg = Debug|Any CPU
		{2768E70C-0685-490D-ACD0-D747845906ED}.Debug|Any CPU.Build.0 = Debug|Any CPU
		{2768E70C-0685-490D-ACD0-D747845906ED}.Debug|x64.ActiveCfg = Debug|Any CPU
		{2768E70C-0685-490D-ACD0-D747845906ED}.Debug|x64.Build.0 = Debug|Any CPU
		{2768E70C-0685-490D-ACD0-D747845906ED}.Debug|x86.ActiveCfg = Debug|Any CPU
		{2768E70C-0685-490D-ACD0-D747845906ED}.Debug|x86.Build.0 = Debug|Any CPU
		{2768E70C-0685-490D-ACD0-D747845906ED}.Release|Any CPU.ActiveCfg = Release|Any CPU
		{2768E70C-0685-490D-ACD0-D747845906ED}.Release|Any CPU.Build.0 = Release|Any CPU
		{2768E70C-0685-490D-ACD0-D747845906ED}.Release|x64.ActiveCfg = Release|Any CPU
		{2768E70C-0685-490D-ACD0-D747845906ED}.Release|x64.Build.0 = Release|Any CPU
		{2768E70C-0685-490D-ACD0-D747845906ED}.Release|x86.ActiveCfg = Release|Any CPU
		{2768E70C-0685-490D-ACD0-D747845906ED}.Release|x86.Build.0 = Release|Any CPU
		{5ED74299-0802-46DB-8999-C0846B223B15}.Debug|Any CPU.ActiveCfg = Debug|Any CPU
		{5ED74299-0802-46DB-8999-C0846B223B15}.Debug|Any CPU.Build.0 = Debug|Any CPU
		{5ED74299-0802-46DB-8999-C0846B223B15}.Debug|x64.ActiveCfg = Debug|Any CPU
		{5ED74299-0802-46DB-8999-C0846B223B15}.Debug|x64.Build.0 = Debug|Any CPU
		{5ED74299-0802-46DB-8999-C0846B223B15}.Debug|x86.ActiveCfg = Debug|Any CPU
		{5ED74299-0802-46DB-8999-C0846B223B15}.Debug|x86.Build.0 = Debug|Any CPU
		{5ED74299-0802-46DB-8999-C0846B223B15}.Release|Any CPU.ActiveCfg = Release|Any CPU
		{5ED74299-0802-46DB-8999-C0846B223B15}.Release|Any CPU.Build.0 = Release|Any CPU
		{5ED74299-0802-46DB-8999-C0846B223B15}.Release|x64.ActiveCfg = Release|Any CPU
		{5ED74299-0802-46DB-8999-C0846B223B15}.Release|x64.Build.0 = Release|Any CPU
		{5ED74299-0802-46DB-8999-C0846B223B15}.Release|x86.ActiveCfg = Release|Any CPU
		{5ED74299-0802-46DB-8999-C0846B223B15}.Release|x86.Build.0 = Release|Any CPU
		{4A1154A2-5443-4A45-BF59-B6A991E18B3C}.Debug|Any CPU.ActiveCfg = Debug|Any CPU
		{4A1154A2-5443-4A45-BF59-B6A991E18B3C}.Debug|Any CPU.Build.0 = Debug|Any CPU
		{4A1154A2-5443-4A45-BF59-B6A991E18B3C}.Debug|x64.ActiveCfg = Debug|Any CPU
		{4A1154A2-5443-4A45-BF59-B6A991E18B3C}.Debug|x64.Build.0 = Debug|Any CPU
		{4A1154A2-5443-4A45-BF59-B6A991E18B3C}.Debug|x86.ActiveCfg = Debug|Any CPU
		{4A1154A2-5443-4A45-BF59-B6A991E18B3C}.Debug|x86.Build.0 = Debug|Any CPU
		{4A1154A2-5443-4A45-BF59-B6A991E18B3C}.Release|Any CPU.ActiveCfg = Release|Any CPU
		{4A1154A2-5443-4A45-BF59-B6A991E18B3C}.Release|Any CPU.Build.0 = Release|Any CPU
		{4A1154A2-5443-4A45-BF59-B6A991E18B3C}.Release|x64.ActiveCfg = Release|Any CPU
		{4A1154A2-5443-4A45-BF59-B6A991E18B3C}.Release|x64.Build.0 = Release|Any CPU
		{4A1154A2-5443-4A45-BF59-B6A991E18B3C}.Release|x86.ActiveCfg = Release|Any CPU
		{4A1154A2-5443-4A45-BF59-B6A991E18B3C}.Release|x86.Build.0 = Release|Any CPU
		{FD73655A-BDD9-4D11-91AA-544296307618}.Debug|Any CPU.ActiveCfg = Debug|Any CPU
		{FD73655A-BDD9-4D11-91AA-544296307618}.Debug|Any CPU.Build.0 = Debug|Any CPU
		{FD73655A-BDD9-4D11-91AA-544296307618}.Debug|x64.ActiveCfg = Debug|Any CPU
		{FD73655A-BDD9-4D11-91AA-544296307618}.Debug|x64.Build.0 = Debug|Any CPU
		{FD73655A-BDD9-4D11-91AA-544296307618}.Debug|x86.ActiveCfg = Debug|Any CPU
		{FD73655A-BDD9-4D11-91AA-544296307618}.Debug|x86.Build.0 = Debug|Any CPU
		{FD73655A-BDD9-4D11-91AA-544296307618}.Release|Any CPU.ActiveCfg = Release|Any CPU
		{FD73655A-BDD9-4D11-91AA-544296307618}.Release|Any CPU.Build.0 = Release|Any CPU
		{FD73655A-BDD9-4D11-91AA-544296307618}.Release|x64.ActiveCfg = Release|Any CPU
		{FD73655A-BDD9-4D11-91AA-544296307618}.Release|x64.Build.0 = Release|Any CPU
		{FD73655A-BDD9-4D11-91AA-544296307618}.Release|x86.ActiveCfg = Release|Any CPU
		{FD73655A-BDD9-4D11-91AA-544296307618}.Release|x86.Build.0 = Release|Any CPU
		{D17034C2-3A82-4B7C-9C0E-AF04B10381F2}.Debug|Any CPU.ActiveCfg = Debug|Any CPU
		{D17034C2-3A82-4B7C-9C0E-AF04B10381F2}.Debug|Any CPU.Build.0 = Debug|Any CPU
		{D17034C2-3A82-4B7C-9C0E-AF04B10381F2}.Debug|x64.ActiveCfg = Debug|Any CPU
		{D17034C2-3A82-4B7C-9C0E-AF04B10381F2}.Debug|x64.Build.0 = Debug|Any CPU
		{D17034C2-3A82-4B7C-9C0E-AF04B10381F2}.Debug|x86.ActiveCfg = Debug|Any CPU
		{D17034C2-3A82-4B7C-9C0E-AF04B10381F2}.Debug|x86.Build.0 = Debug|Any CPU
		{D17034C2-3A82-4B7C-9C0E-AF04B10381F2}.Release|Any CPU.ActiveCfg = Release|Any CPU
		{D17034C2-3A82-4B7C-9C0E-AF04B10381F2}.Release|Any CPU.Build.0 = Release|Any CPU
		{D17034C2-3A82-4B7C-9C0E-AF04B10381F2}.Release|x64.ActiveCfg = Release|Any CPU
		{D17034C2-3A82-4B7C-9C0E-AF04B10381F2}.Release|x64.Build.0 = Release|Any CPU
		{D17034C2-3A82-4B7C-9C0E-AF04B10381F2}.Release|x86.ActiveCfg = Release|Any CPU
		{D17034C2-3A82-4B7C-9C0E-AF04B10381F2}.Release|x86.Build.0 = Release|Any CPU
		{7E54416E-8A4E-4FF1-96C1-DDDA0B476A4E}.Debug|Any CPU.ActiveCfg = Debug|Any CPU
		{7E54416E-8A4E-4FF1-96C1-DDDA0B476A4E}.Debug|Any CPU.Build.0 = Debug|Any CPU
		{7E54416E-8A4E-4FF1-96C1-DDDA0B476A4E}.Debug|x64.ActiveCfg = Debug|Any CPU
		{7E54416E-8A4E-4FF1-96C1-DDDA0B476A4E}.Debug|x64.Build.0 = Debug|Any CPU
		{7E54416E-8A4E-4FF1-96C1-DDDA0B476A4E}.Debug|x86.ActiveCfg = Debug|Any CPU
		{7E54416E-8A4E-4FF1-96C1-DDDA0B476A4E}.Debug|x86.Build.0 = Debug|Any CPU
		{7E54416E-8A4E-4FF1-96C1-DDDA0B476A4E}.Release|Any CPU.ActiveCfg = Release|Any CPU
		{7E54416E-8A4E-4FF1-96C1-DDDA0B476A4E}.Release|Any CPU.Build.0 = Release|Any CPU
		{7E54416E-8A4E-4FF1-96C1-DDDA0B476A4E}.Release|x64.ActiveCfg = Release|Any CPU
		{7E54416E-8A4E-4FF1-96C1-DDDA0B476A4E}.Release|x64.Build.0 = Release|Any CPU
		{7E54416E-8A4E-4FF1-96C1-DDDA0B476A4E}.Release|x86.ActiveCfg = Release|Any CPU
		{7E54416E-8A4E-4FF1-96C1-DDDA0B476A4E}.Release|x86.Build.0 = Release|Any CPU
		{513E86E8-F7EE-4032-88E6-5C9C4AE60204}.Debug|Any CPU.ActiveCfg = Debug|Any CPU
		{513E86E8-F7EE-4032-88E6-5C9C4AE60204}.Debug|Any CPU.Build.0 = Debug|Any CPU
		{513E86E8-F7EE-4032-88E6-5C9C4AE60204}.Debug|x64.ActiveCfg = Debug|Any CPU
		{513E86E8-F7EE-4032-88E6-5C9C4AE60204}.Debug|x64.Build.0 = Debug|Any CPU
		{513E86E8-F7EE-4032-88E6-5C9C4AE60204}.Debug|x86.ActiveCfg = Debug|Any CPU
		{513E86E8-F7EE-4032-88E6-5C9C4AE60204}.Debug|x86.Build.0 = Debug|Any CPU
		{513E86E8-F7EE-4032-88E6-5C9C4AE60204}.Release|Any CPU.ActiveCfg = Release|Any CPU
		{513E86E8-F7EE-4032-88E6-5C9C4AE60204}.Release|Any CPU.Build.0 = Release|Any CPU
		{513E86E8-F7EE-4032-88E6-5C9C4AE60204}.Release|x64.ActiveCfg = Release|Any CPU
		{513E86E8-F7EE-4032-88E6-5C9C4AE60204}.Release|x64.Build.0 = Release|Any CPU
		{513E86E8-F7EE-4032-88E6-5C9C4AE60204}.Release|x86.ActiveCfg = Release|Any CPU
		{513E86E8-F7EE-4032-88E6-5C9C4AE60204}.Release|x86.Build.0 = Release|Any CPU
		{48B68B63-E721-4B23-A97E-1C53F8874D5A}.Debug|Any CPU.ActiveCfg = Debug|Any CPU
		{48B68B63-E721-4B23-A97E-1C53F8874D5A}.Debug|Any CPU.Build.0 = Debug|Any CPU
		{48B68B63-E721-4B23-A97E-1C53F8874D5A}.Debug|x64.ActiveCfg = Debug|Any CPU
		{48B68B63-E721-4B23-A97E-1C53F8874D5A}.Debug|x64.Build.0 = Debug|Any CPU
		{48B68B63-E721-4B23-A97E-1C53F8874D5A}.Debug|x86.ActiveCfg = Debug|Any CPU
		{48B68B63-E721-4B23-A97E-1C53F8874D5A}.Debug|x86.Build.0 = Debug|Any CPU
		{48B68B63-E721-4B23-A97E-1C53F8874D5A}.Release|Any CPU.ActiveCfg = Release|Any CPU
		{48B68B63-E721-4B23-A97E-1C53F8874D5A}.Release|Any CPU.Build.0 = Release|Any CPU
		{48B68B63-E721-4B23-A97E-1C53F8874D5A}.Release|x64.ActiveCfg = Release|Any CPU
		{48B68B63-E721-4B23-A97E-1C53F8874D5A}.Release|x64.Build.0 = Release|Any CPU
		{48B68B63-E721-4B23-A97E-1C53F8874D5A}.Release|x86.ActiveCfg = Release|Any CPU
		{48B68B63-E721-4B23-A97E-1C53F8874D5A}.Release|x86.Build.0 = Release|Any CPU
		{AB3616C4-02A8-49DD-9AFD-1B8ADD7F792E}.Debug|Any CPU.ActiveCfg = Debug|Any CPU
		{AB3616C4-02A8-49DD-9AFD-1B8ADD7F792E}.Debug|Any CPU.Build.0 = Debug|Any CPU
		{AB3616C4-02A8-49DD-9AFD-1B8ADD7F792E}.Debug|x64.ActiveCfg = Debug|Any CPU
		{AB3616C4-02A8-49DD-9AFD-1B8ADD7F792E}.Debug|x64.Build.0 = Debug|Any CPU
		{AB3616C4-02A8-49DD-9AFD-1B8ADD7F792E}.Debug|x86.ActiveCfg = Debug|Any CPU
		{AB3616C4-02A8-49DD-9AFD-1B8ADD7F792E}.Debug|x86.Build.0 = Debug|Any CPU
		{AB3616C4-02A8-49DD-9AFD-1B8ADD7F792E}.Release|Any CPU.ActiveCfg = Release|Any CPU
		{AB3616C4-02A8-49DD-9AFD-1B8ADD7F792E}.Release|Any CPU.Build.0 = Release|Any CPU
		{AB3616C4-02A8-49DD-9AFD-1B8ADD7F792E}.Release|x64.ActiveCfg = Release|Any CPU
		{AB3616C4-02A8-49DD-9AFD-1B8ADD7F792E}.Release|x64.Build.0 = Release|Any CPU
		{AB3616C4-02A8-49DD-9AFD-1B8ADD7F792E}.Release|x86.ActiveCfg = Release|Any CPU
		{AB3616C4-02A8-49DD-9AFD-1B8ADD7F792E}.Release|x86.Build.0 = Release|Any CPU
		{A9E743C7-349A-4F42-9F51-5A3C04C4189B}.Debug|Any CPU.ActiveCfg = Debug|Any CPU
		{A9E743C7-349A-4F42-9F51-5A3C04C4189B}.Debug|Any CPU.Build.0 = Debug|Any CPU
		{A9E743C7-349A-4F42-9F51-5A3C04C4189B}.Debug|x64.ActiveCfg = Debug|Any CPU
		{A9E743C7-349A-4F42-9F51-5A3C04C4189B}.Debug|x64.Build.0 = Debug|Any CPU
		{A9E743C7-349A-4F42-9F51-5A3C04C4189B}.Debug|x86.ActiveCfg = Debug|Any CPU
		{A9E743C7-349A-4F42-9F51-5A3C04C4189B}.Debug|x86.Build.0 = Debug|Any CPU
		{A9E743C7-349A-4F42-9F51-5A3C04C4189B}.Release|Any CPU.ActiveCfg = Release|Any CPU
		{A9E743C7-349A-4F42-9F51-5A3C04C4189B}.Release|Any CPU.Build.0 = Release|Any CPU
		{A9E743C7-349A-4F42-9F51-5A3C04C4189B}.Release|x64.ActiveCfg = Release|Any CPU
		{A9E743C7-349A-4F42-9F51-5A3C04C4189B}.Release|x64.Build.0 = Release|Any CPU
		{A9E743C7-349A-4F42-9F51-5A3C04C4189B}.Release|x86.ActiveCfg = Release|Any CPU
		{A9E743C7-349A-4F42-9F51-5A3C04C4189B}.Release|x86.Build.0 = Release|Any CPU
		{0B255456-C67D-40CA-9D3E-59C1AC40A75F}.Debug|Any CPU.ActiveCfg = Debug|Any CPU
		{0B255456-C67D-40CA-9D3E-59C1AC40A75F}.Debug|Any CPU.Build.0 = Debug|Any CPU
		{0B255456-C67D-40CA-9D3E-59C1AC40A75F}.Debug|x64.ActiveCfg = Debug|Any CPU
		{0B255456-C67D-40CA-9D3E-59C1AC40A75F}.Debug|x64.Build.0 = Debug|Any CPU
		{0B255456-C67D-40CA-9D3E-59C1AC40A75F}.Debug|x86.ActiveCfg = Debug|Any CPU
		{0B255456-C67D-40CA-9D3E-59C1AC40A75F}.Debug|x86.Build.0 = Debug|Any CPU
		{0B255456-C67D-40CA-9D3E-59C1AC40A75F}.Release|Any CPU.ActiveCfg = Release|Any CPU
		{0B255456-C67D-40CA-9D3E-59C1AC40A75F}.Release|Any CPU.Build.0 = Release|Any CPU
		{0B255456-C67D-40CA-9D3E-59C1AC40A75F}.Release|x64.ActiveCfg = Release|Any CPU
		{0B255456-C67D-40CA-9D3E-59C1AC40A75F}.Release|x64.Build.0 = Release|Any CPU
		{0B255456-C67D-40CA-9D3E-59C1AC40A75F}.Release|x86.ActiveCfg = Release|Any CPU
		{0B255456-C67D-40CA-9D3E-59C1AC40A75F}.Release|x86.Build.0 = Release|Any CPU
		{B6BB9F12-A287-448D-8F4B-D5B377503810}.Debug|Any CPU.ActiveCfg = Debug|Any CPU
		{B6BB9F12-A287-448D-8F4B-D5B377503810}.Debug|Any CPU.Build.0 = Debug|Any CPU
		{B6BB9F12-A287-448D-8F4B-D5B377503810}.Debug|x64.ActiveCfg = Debug|Any CPU
		{B6BB9F12-A287-448D-8F4B-D5B377503810}.Debug|x64.Build.0 = Debug|Any CPU
		{B6BB9F12-A287-448D-8F4B-D5B377503810}.Debug|x86.ActiveCfg = Debug|Any CPU
		{B6BB9F12-A287-448D-8F4B-D5B377503810}.Debug|x86.Build.0 = Debug|Any CPU
		{B6BB9F12-A287-448D-8F4B-D5B377503810}.Release|Any CPU.ActiveCfg = Release|Any CPU
		{B6BB9F12-A287-448D-8F4B-D5B377503810}.Release|Any CPU.Build.0 = Release|Any CPU
		{B6BB9F12-A287-448D-8F4B-D5B377503810}.Release|x64.ActiveCfg = Release|Any CPU
		{B6BB9F12-A287-448D-8F4B-D5B377503810}.Release|x64.Build.0 = Release|Any CPU
		{B6BB9F12-A287-448D-8F4B-D5B377503810}.Release|x86.ActiveCfg = Release|Any CPU
		{B6BB9F12-A287-448D-8F4B-D5B377503810}.Release|x86.Build.0 = Release|Any CPU
		{B942A468-3A18-4612-9132-768377C443DE}.Debug|Any CPU.ActiveCfg = Debug|Any CPU
		{B942A468-3A18-4612-9132-768377C443DE}.Debug|Any CPU.Build.0 = Debug|Any CPU
		{B942A468-3A18-4612-9132-768377C443DE}.Debug|x64.ActiveCfg = Debug|Any CPU
		{B942A468-3A18-4612-9132-768377C443DE}.Debug|x64.Build.0 = Debug|Any CPU
		{B942A468-3A18-4612-9132-768377C443DE}.Debug|x86.ActiveCfg = Debug|Any CPU
		{B942A468-3A18-4612-9132-768377C443DE}.Debug|x86.Build.0 = Debug|Any CPU
		{B942A468-3A18-4612-9132-768377C443DE}.Release|Any CPU.ActiveCfg = Release|Any CPU
		{B942A468-3A18-4612-9132-768377C443DE}.Release|Any CPU.Build.0 = Release|Any CPU
		{B942A468-3A18-4612-9132-768377C443DE}.Release|x64.ActiveCfg = Release|Any CPU
		{B942A468-3A18-4612-9132-768377C443DE}.Release|x64.Build.0 = Release|Any CPU
		{B942A468-3A18-4612-9132-768377C443DE}.Release|x86.ActiveCfg = Release|Any CPU
		{B942A468-3A18-4612-9132-768377C443DE}.Release|x86.Build.0 = Release|Any CPU
		{0FBCD3A3-D8AA-49F2-90DC-872B6E804B02}.Debug|Any CPU.ActiveCfg = Debug|Any CPU
		{0FBCD3A3-D8AA-49F2-90DC-872B6E804B02}.Debug|Any CPU.Build.0 = Debug|Any CPU
		{0FBCD3A3-D8AA-49F2-90DC-872B6E804B02}.Debug|x64.ActiveCfg = Debug|Any CPU
		{0FBCD3A3-D8AA-49F2-90DC-872B6E804B02}.Debug|x64.Build.0 = Debug|Any CPU
		{0FBCD3A3-D8AA-49F2-90DC-872B6E804B02}.Debug|x86.ActiveCfg = Debug|Any CPU
		{0FBCD3A3-D8AA-49F2-90DC-872B6E804B02}.Debug|x86.Build.0 = Debug|Any CPU
		{0FBCD3A3-D8AA-49F2-90DC-872B6E804B02}.Release|Any CPU.ActiveCfg = Release|Any CPU
		{0FBCD3A3-D8AA-49F2-90DC-872B6E804B02}.Release|Any CPU.Build.0 = Release|Any CPU
		{0FBCD3A3-D8AA-49F2-90DC-872B6E804B02}.Release|x64.ActiveCfg = Release|Any CPU
		{0FBCD3A3-D8AA-49F2-90DC-872B6E804B02}.Release|x64.Build.0 = Release|Any CPU
		{0FBCD3A3-D8AA-49F2-90DC-872B6E804B02}.Release|x86.ActiveCfg = Release|Any CPU
		{0FBCD3A3-D8AA-49F2-90DC-872B6E804B02}.Release|x86.Build.0 = Release|Any CPU
		{E65DC297-B7F2-43AF-AA23-99A14866DD05}.Debug|Any CPU.ActiveCfg = Debug|Any CPU
		{E65DC297-B7F2-43AF-AA23-99A14866DD05}.Debug|Any CPU.Build.0 = Debug|Any CPU
		{E65DC297-B7F2-43AF-AA23-99A14866DD05}.Debug|x64.ActiveCfg = Debug|Any CPU
		{E65DC297-B7F2-43AF-AA23-99A14866DD05}.Debug|x64.Build.0 = Debug|Any CPU
		{E65DC297-B7F2-43AF-AA23-99A14866DD05}.Debug|x86.ActiveCfg = Debug|Any CPU
		{E65DC297-B7F2-43AF-AA23-99A14866DD05}.Debug|x86.Build.0 = Debug|Any CPU
		{E65DC297-B7F2-43AF-AA23-99A14866DD05}.Release|Any CPU.ActiveCfg = Release|Any CPU
		{E65DC297-B7F2-43AF-AA23-99A14866DD05}.Release|Any CPU.Build.0 = Release|Any CPU
		{E65DC297-B7F2-43AF-AA23-99A14866DD05}.Release|x64.ActiveCfg = Release|Any CPU
		{E65DC297-B7F2-43AF-AA23-99A14866DD05}.Release|x64.Build.0 = Release|Any CPU
		{E65DC297-B7F2-43AF-AA23-99A14866DD05}.Release|x86.ActiveCfg = Release|Any CPU
		{E65DC297-B7F2-43AF-AA23-99A14866DD05}.Release|x86.Build.0 = Release|Any CPU
		{29AE4FC8-AB46-4513-9367-225593B017BA}.Debug|Any CPU.ActiveCfg = Debug|Any CPU
		{29AE4FC8-AB46-4513-9367-225593B017BA}.Debug|Any CPU.Build.0 = Debug|Any CPU
		{29AE4FC8-AB46-4513-9367-225593B017BA}.Debug|x64.ActiveCfg = Debug|Any CPU
		{29AE4FC8-AB46-4513-9367-225593B017BA}.Debug|x64.Build.0 = Debug|Any CPU
		{29AE4FC8-AB46-4513-9367-225593B017BA}.Debug|x86.ActiveCfg = Debug|Any CPU
		{29AE4FC8-AB46-4513-9367-225593B017BA}.Debug|x86.Build.0 = Debug|Any CPU
		{29AE4FC8-AB46-4513-9367-225593B017BA}.Release|Any CPU.ActiveCfg = Release|Any CPU
		{29AE4FC8-AB46-4513-9367-225593B017BA}.Release|Any CPU.Build.0 = Release|Any CPU
		{29AE4FC8-AB46-4513-9367-225593B017BA}.Release|x64.ActiveCfg = Release|Any CPU
		{29AE4FC8-AB46-4513-9367-225593B017BA}.Release|x64.Build.0 = Release|Any CPU
		{29AE4FC8-AB46-4513-9367-225593B017BA}.Release|x86.ActiveCfg = Release|Any CPU
		{29AE4FC8-AB46-4513-9367-225593B017BA}.Release|x86.Build.0 = Release|Any CPU
		{199A03BA-30B7-4FC1-8588-8250764D9C89}.Debug|Any CPU.ActiveCfg = Debug|Any CPU
		{199A03BA-30B7-4FC1-8588-8250764D9C89}.Debug|Any CPU.Build.0 = Debug|Any CPU
		{199A03BA-30B7-4FC1-8588-8250764D9C89}.Debug|x64.ActiveCfg = Debug|Any CPU
		{199A03BA-30B7-4FC1-8588-8250764D9C89}.Debug|x64.Build.0 = Debug|Any CPU
		{199A03BA-30B7-4FC1-8588-8250764D9C89}.Debug|x86.ActiveCfg = Debug|Any CPU
		{199A03BA-30B7-4FC1-8588-8250764D9C89}.Debug|x86.Build.0 = Debug|Any CPU
		{199A03BA-30B7-4FC1-8588-8250764D9C89}.Release|Any CPU.ActiveCfg = Release|Any CPU
		{199A03BA-30B7-4FC1-8588-8250764D9C89}.Release|Any CPU.Build.0 = Release|Any CPU
		{199A03BA-30B7-4FC1-8588-8250764D9C89}.Release|x64.ActiveCfg = Release|Any CPU
		{199A03BA-30B7-4FC1-8588-8250764D9C89}.Release|x64.Build.0 = Release|Any CPU
		{199A03BA-30B7-4FC1-8588-8250764D9C89}.Release|x86.ActiveCfg = Release|Any CPU
		{199A03BA-30B7-4FC1-8588-8250764D9C89}.Release|x86.Build.0 = Release|Any CPU
		{0DDE268F-DCE3-4357-B1BD-7C1782C7D828}.Debug|Any CPU.ActiveCfg = Debug|Any CPU
		{0DDE268F-DCE3-4357-B1BD-7C1782C7D828}.Debug|Any CPU.Build.0 = Debug|Any CPU
		{0DDE268F-DCE3-4357-B1BD-7C1782C7D828}.Debug|x64.ActiveCfg = Debug|Any CPU
		{0DDE268F-DCE3-4357-B1BD-7C1782C7D828}.Debug|x64.Build.0 = Debug|Any CPU
		{0DDE268F-DCE3-4357-B1BD-7C1782C7D828}.Debug|x86.ActiveCfg = Debug|Any CPU
		{0DDE268F-DCE3-4357-B1BD-7C1782C7D828}.Debug|x86.Build.0 = Debug|Any CPU
		{0DDE268F-DCE3-4357-B1BD-7C1782C7D828}.Release|Any CPU.ActiveCfg = Release|Any CPU
		{0DDE268F-DCE3-4357-B1BD-7C1782C7D828}.Release|Any CPU.Build.0 = Release|Any CPU
		{0DDE268F-DCE3-4357-B1BD-7C1782C7D828}.Release|x64.ActiveCfg = Release|Any CPU
		{0DDE268F-DCE3-4357-B1BD-7C1782C7D828}.Release|x64.Build.0 = Release|Any CPU
		{0DDE268F-DCE3-4357-B1BD-7C1782C7D828}.Release|x86.ActiveCfg = Release|Any CPU
		{0DDE268F-DCE3-4357-B1BD-7C1782C7D828}.Release|x86.Build.0 = Release|Any CPU
		{D3CF3698-3388-40EA-A8DB-26C396F127BF}.Debug|Any CPU.ActiveCfg = Debug|Any CPU
		{D3CF3698-3388-40EA-A8DB-26C396F127BF}.Debug|Any CPU.Build.0 = Debug|Any CPU
		{D3CF3698-3388-40EA-A8DB-26C396F127BF}.Debug|x64.ActiveCfg = Debug|Any CPU
		{D3CF3698-3388-40EA-A8DB-26C396F127BF}.Debug|x64.Build.0 = Debug|Any CPU
		{D3CF3698-3388-40EA-A8DB-26C396F127BF}.Debug|x86.ActiveCfg = Debug|Any CPU
		{D3CF3698-3388-40EA-A8DB-26C396F127BF}.Debug|x86.Build.0 = Debug|Any CPU
		{D3CF3698-3388-40EA-A8DB-26C396F127BF}.Release|Any CPU.ActiveCfg = Release|Any CPU
		{D3CF3698-3388-40EA-A8DB-26C396F127BF}.Release|Any CPU.Build.0 = Release|Any CPU
		{D3CF3698-3388-40EA-A8DB-26C396F127BF}.Release|x64.ActiveCfg = Release|Any CPU
		{D3CF3698-3388-40EA-A8DB-26C396F127BF}.Release|x64.Build.0 = Release|Any CPU
		{D3CF3698-3388-40EA-A8DB-26C396F127BF}.Release|x86.ActiveCfg = Release|Any CPU
		{D3CF3698-3388-40EA-A8DB-26C396F127BF}.Release|x86.Build.0 = Release|Any CPU
		{444DBC5C-E61F-4A0A-AB80-B117A09BFF51}.Debug|Any CPU.ActiveCfg = Debug|Any CPU
		{444DBC5C-E61F-4A0A-AB80-B117A09BFF51}.Debug|Any CPU.Build.0 = Debug|Any CPU
		{444DBC5C-E61F-4A0A-AB80-B117A09BFF51}.Debug|x64.ActiveCfg = Debug|Any CPU
		{444DBC5C-E61F-4A0A-AB80-B117A09BFF51}.Debug|x64.Build.0 = Debug|Any CPU
		{444DBC5C-E61F-4A0A-AB80-B117A09BFF51}.Debug|x86.ActiveCfg = Debug|Any CPU
		{444DBC5C-E61F-4A0A-AB80-B117A09BFF51}.Debug|x86.Build.0 = Debug|Any CPU
		{444DBC5C-E61F-4A0A-AB80-B117A09BFF51}.Release|Any CPU.ActiveCfg = Release|Any CPU
		{444DBC5C-E61F-4A0A-AB80-B117A09BFF51}.Release|Any CPU.Build.0 = Release|Any CPU
		{444DBC5C-E61F-4A0A-AB80-B117A09BFF51}.Release|x64.ActiveCfg = Release|Any CPU
		{444DBC5C-E61F-4A0A-AB80-B117A09BFF51}.Release|x64.Build.0 = Release|Any CPU
		{444DBC5C-E61F-4A0A-AB80-B117A09BFF51}.Release|x86.ActiveCfg = Release|Any CPU
		{444DBC5C-E61F-4A0A-AB80-B117A09BFF51}.Release|x86.Build.0 = Release|Any CPU
		{7AE7569D-6F82-496F-A04F-25427508B78E}.Debug|Any CPU.ActiveCfg = Debug|Any CPU
		{7AE7569D-6F82-496F-A04F-25427508B78E}.Debug|Any CPU.Build.0 = Debug|Any CPU
		{7AE7569D-6F82-496F-A04F-25427508B78E}.Debug|x64.ActiveCfg = Debug|Any CPU
		{7AE7569D-6F82-496F-A04F-25427508B78E}.Debug|x64.Build.0 = Debug|Any CPU
		{7AE7569D-6F82-496F-A04F-25427508B78E}.Debug|x86.ActiveCfg = Debug|Any CPU
		{7AE7569D-6F82-496F-A04F-25427508B78E}.Debug|x86.Build.0 = Debug|Any CPU
		{7AE7569D-6F82-496F-A04F-25427508B78E}.Release|Any CPU.ActiveCfg = Release|Any CPU
		{7AE7569D-6F82-496F-A04F-25427508B78E}.Release|Any CPU.Build.0 = Release|Any CPU
		{7AE7569D-6F82-496F-A04F-25427508B78E}.Release|x64.ActiveCfg = Release|Any CPU
		{7AE7569D-6F82-496F-A04F-25427508B78E}.Release|x64.Build.0 = Release|Any CPU
		{7AE7569D-6F82-496F-A04F-25427508B78E}.Release|x86.ActiveCfg = Release|Any CPU
		{7AE7569D-6F82-496F-A04F-25427508B78E}.Release|x86.Build.0 = Release|Any CPU
		{83E93CB1-276D-4CCE-AC0C-ABC0E5AC78AC}.Debug|Any CPU.ActiveCfg = Debug|Any CPU
		{83E93CB1-276D-4CCE-AC0C-ABC0E5AC78AC}.Debug|Any CPU.Build.0 = Debug|Any CPU
		{83E93CB1-276D-4CCE-AC0C-ABC0E5AC78AC}.Debug|x64.ActiveCfg = Debug|Any CPU
		{83E93CB1-276D-4CCE-AC0C-ABC0E5AC78AC}.Debug|x64.Build.0 = Debug|Any CPU
		{83E93CB1-276D-4CCE-AC0C-ABC0E5AC78AC}.Debug|x86.ActiveCfg = Debug|Any CPU
		{83E93CB1-276D-4CCE-AC0C-ABC0E5AC78AC}.Debug|x86.Build.0 = Debug|Any CPU
		{83E93CB1-276D-4CCE-AC0C-ABC0E5AC78AC}.Release|Any CPU.ActiveCfg = Release|Any CPU
		{83E93CB1-276D-4CCE-AC0C-ABC0E5AC78AC}.Release|Any CPU.Build.0 = Release|Any CPU
		{83E93CB1-276D-4CCE-AC0C-ABC0E5AC78AC}.Release|x64.ActiveCfg = Release|Any CPU
		{83E93CB1-276D-4CCE-AC0C-ABC0E5AC78AC}.Release|x64.Build.0 = Release|Any CPU
		{83E93CB1-276D-4CCE-AC0C-ABC0E5AC78AC}.Release|x86.ActiveCfg = Release|Any CPU
		{83E93CB1-276D-4CCE-AC0C-ABC0E5AC78AC}.Release|x86.Build.0 = Release|Any CPU
		{4FDB867D-BDEE-4101-A8BE-5982E842174D}.Debug|Any CPU.ActiveCfg = Debug|Any CPU
		{4FDB867D-BDEE-4101-A8BE-5982E842174D}.Debug|Any CPU.Build.0 = Debug|Any CPU
		{4FDB867D-BDEE-4101-A8BE-5982E842174D}.Debug|x64.ActiveCfg = Debug|Any CPU
		{4FDB867D-BDEE-4101-A8BE-5982E842174D}.Debug|x64.Build.0 = Debug|Any CPU
		{4FDB867D-BDEE-4101-A8BE-5982E842174D}.Debug|x86.ActiveCfg = Debug|Any CPU
		{4FDB867D-BDEE-4101-A8BE-5982E842174D}.Debug|x86.Build.0 = Debug|Any CPU
		{4FDB867D-BDEE-4101-A8BE-5982E842174D}.Release|Any CPU.ActiveCfg = Release|Any CPU
		{4FDB867D-BDEE-4101-A8BE-5982E842174D}.Release|Any CPU.Build.0 = Release|Any CPU
		{4FDB867D-BDEE-4101-A8BE-5982E842174D}.Release|x64.ActiveCfg = Release|Any CPU
		{4FDB867D-BDEE-4101-A8BE-5982E842174D}.Release|x64.Build.0 = Release|Any CPU
		{4FDB867D-BDEE-4101-A8BE-5982E842174D}.Release|x86.ActiveCfg = Release|Any CPU
		{4FDB867D-BDEE-4101-A8BE-5982E842174D}.Release|x86.Build.0 = Release|Any CPU
		{B438A896-9589-4285-97D2-9145088B3373}.Debug|Any CPU.ActiveCfg = Debug|Any CPU
		{B438A896-9589-4285-97D2-9145088B3373}.Debug|Any CPU.Build.0 = Debug|Any CPU
		{B438A896-9589-4285-97D2-9145088B3373}.Debug|x64.ActiveCfg = Debug|Any CPU
		{B438A896-9589-4285-97D2-9145088B3373}.Debug|x64.Build.0 = Debug|Any CPU
		{B438A896-9589-4285-97D2-9145088B3373}.Debug|x86.ActiveCfg = Debug|Any CPU
		{B438A896-9589-4285-97D2-9145088B3373}.Debug|x86.Build.0 = Debug|Any CPU
		{B438A896-9589-4285-97D2-9145088B3373}.Release|Any CPU.ActiveCfg = Release|Any CPU
		{B438A896-9589-4285-97D2-9145088B3373}.Release|Any CPU.Build.0 = Release|Any CPU
		{B438A896-9589-4285-97D2-9145088B3373}.Release|x64.ActiveCfg = Release|Any CPU
		{B438A896-9589-4285-97D2-9145088B3373}.Release|x64.Build.0 = Release|Any CPU
		{B438A896-9589-4285-97D2-9145088B3373}.Release|x86.ActiveCfg = Release|Any CPU
		{B438A896-9589-4285-97D2-9145088B3373}.Release|x86.Build.0 = Release|Any CPU
		{05FD9E64-5AE4-4271-993B-63B7FF4824A7}.Debug|Any CPU.ActiveCfg = Debug|Any CPU
		{05FD9E64-5AE4-4271-993B-63B7FF4824A7}.Debug|Any CPU.Build.0 = Debug|Any CPU
		{05FD9E64-5AE4-4271-993B-63B7FF4824A7}.Debug|x64.ActiveCfg = Debug|Any CPU
		{05FD9E64-5AE4-4271-993B-63B7FF4824A7}.Debug|x64.Build.0 = Debug|Any CPU
		{05FD9E64-5AE4-4271-993B-63B7FF4824A7}.Debug|x86.ActiveCfg = Debug|Any CPU
		{05FD9E64-5AE4-4271-993B-63B7FF4824A7}.Debug|x86.Build.0 = Debug|Any CPU
		{05FD9E64-5AE4-4271-993B-63B7FF4824A7}.Release|Any CPU.ActiveCfg = Release|Any CPU
		{05FD9E64-5AE4-4271-993B-63B7FF4824A7}.Release|Any CPU.Build.0 = Release|Any CPU
		{05FD9E64-5AE4-4271-993B-63B7FF4824A7}.Release|x64.ActiveCfg = Release|Any CPU
		{05FD9E64-5AE4-4271-993B-63B7FF4824A7}.Release|x64.Build.0 = Release|Any CPU
		{05FD9E64-5AE4-4271-993B-63B7FF4824A7}.Release|x86.ActiveCfg = Release|Any CPU
		{05FD9E64-5AE4-4271-993B-63B7FF4824A7}.Release|x86.Build.0 = Release|Any CPU
		{5C867DD2-FBB3-44C8-9C00-CA02006E6FB2}.Debug|Any CPU.ActiveCfg = Debug|Any CPU
		{5C867DD2-FBB3-44C8-9C00-CA02006E6FB2}.Debug|Any CPU.Build.0 = Debug|Any CPU
		{5C867DD2-FBB3-44C8-9C00-CA02006E6FB2}.Debug|x64.ActiveCfg = Debug|Any CPU
		{5C867DD2-FBB3-44C8-9C00-CA02006E6FB2}.Debug|x64.Build.0 = Debug|Any CPU
		{5C867DD2-FBB3-44C8-9C00-CA02006E6FB2}.Debug|x86.ActiveCfg = Debug|Any CPU
		{5C867DD2-FBB3-44C8-9C00-CA02006E6FB2}.Debug|x86.Build.0 = Debug|Any CPU
		{5C867DD2-FBB3-44C8-9C00-CA02006E6FB2}.Release|Any CPU.ActiveCfg = Release|Any CPU
		{5C867DD2-FBB3-44C8-9C00-CA02006E6FB2}.Release|Any CPU.Build.0 = Release|Any CPU
		{5C867DD2-FBB3-44C8-9C00-CA02006E6FB2}.Release|x64.ActiveCfg = Release|Any CPU
		{5C867DD2-FBB3-44C8-9C00-CA02006E6FB2}.Release|x64.Build.0 = Release|Any CPU
		{5C867DD2-FBB3-44C8-9C00-CA02006E6FB2}.Release|x86.ActiveCfg = Release|Any CPU
		{5C867DD2-FBB3-44C8-9C00-CA02006E6FB2}.Release|x86.Build.0 = Release|Any CPU
		{1058BBA1-B29C-4172-9240-603FFEAD2071}.Debug|Any CPU.ActiveCfg = Debug|Any CPU
		{1058BBA1-B29C-4172-9240-603FFEAD2071}.Debug|Any CPU.Build.0 = Debug|Any CPU
		{1058BBA1-B29C-4172-9240-603FFEAD2071}.Debug|x64.ActiveCfg = Debug|Any CPU
		{1058BBA1-B29C-4172-9240-603FFEAD2071}.Debug|x64.Build.0 = Debug|Any CPU
		{1058BBA1-B29C-4172-9240-603FFEAD2071}.Debug|x86.ActiveCfg = Debug|Any CPU
		{1058BBA1-B29C-4172-9240-603FFEAD2071}.Debug|x86.Build.0 = Debug|Any CPU
		{1058BBA1-B29C-4172-9240-603FFEAD2071}.Release|Any CPU.ActiveCfg = Release|Any CPU
		{1058BBA1-B29C-4172-9240-603FFEAD2071}.Release|Any CPU.Build.0 = Release|Any CPU
		{1058BBA1-B29C-4172-9240-603FFEAD2071}.Release|x64.ActiveCfg = Release|Any CPU
		{1058BBA1-B29C-4172-9240-603FFEAD2071}.Release|x64.Build.0 = Release|Any CPU
		{1058BBA1-B29C-4172-9240-603FFEAD2071}.Release|x86.ActiveCfg = Release|Any CPU
		{1058BBA1-B29C-4172-9240-603FFEAD2071}.Release|x86.Build.0 = Release|Any CPU
		{CF25C26B-2216-4718-B83A-6920554628BA}.Debug|Any CPU.ActiveCfg = Debug|Any CPU
		{CF25C26B-2216-4718-B83A-6920554628BA}.Debug|Any CPU.Build.0 = Debug|Any CPU
		{CF25C26B-2216-4718-B83A-6920554628BA}.Debug|x64.ActiveCfg = Debug|Any CPU
		{CF25C26B-2216-4718-B83A-6920554628BA}.Debug|x64.Build.0 = Debug|Any CPU
		{CF25C26B-2216-4718-B83A-6920554628BA}.Debug|x86.ActiveCfg = Debug|Any CPU
		{CF25C26B-2216-4718-B83A-6920554628BA}.Debug|x86.Build.0 = Debug|Any CPU
		{CF25C26B-2216-4718-B83A-6920554628BA}.Release|Any CPU.ActiveCfg = Release|Any CPU
		{CF25C26B-2216-4718-B83A-6920554628BA}.Release|Any CPU.Build.0 = Release|Any CPU
		{CF25C26B-2216-4718-B83A-6920554628BA}.Release|x64.ActiveCfg = Release|Any CPU
		{CF25C26B-2216-4718-B83A-6920554628BA}.Release|x64.Build.0 = Release|Any CPU
		{CF25C26B-2216-4718-B83A-6920554628BA}.Release|x86.ActiveCfg = Release|Any CPU
		{CF25C26B-2216-4718-B83A-6920554628BA}.Release|x86.Build.0 = Release|Any CPU
		{81D5B476-F230-4D81-856C-533151D8C713}.Debug|Any CPU.ActiveCfg = Debug|Any CPU
		{81D5B476-F230-4D81-856C-533151D8C713}.Debug|Any CPU.Build.0 = Debug|Any CPU
		{81D5B476-F230-4D81-856C-533151D8C713}.Debug|x64.ActiveCfg = Debug|Any CPU
		{81D5B476-F230-4D81-856C-533151D8C713}.Debug|x64.Build.0 = Debug|Any CPU
		{81D5B476-F230-4D81-856C-533151D8C713}.Debug|x86.ActiveCfg = Debug|Any CPU
		{81D5B476-F230-4D81-856C-533151D8C713}.Debug|x86.Build.0 = Debug|Any CPU
		{81D5B476-F230-4D81-856C-533151D8C713}.Release|Any CPU.ActiveCfg = Release|Any CPU
		{81D5B476-F230-4D81-856C-533151D8C713}.Release|Any CPU.Build.0 = Release|Any CPU
		{81D5B476-F230-4D81-856C-533151D8C713}.Release|x64.ActiveCfg = Release|Any CPU
		{81D5B476-F230-4D81-856C-533151D8C713}.Release|x64.Build.0 = Release|Any CPU
		{81D5B476-F230-4D81-856C-533151D8C713}.Release|x86.ActiveCfg = Release|Any CPU
		{81D5B476-F230-4D81-856C-533151D8C713}.Release|x86.Build.0 = Release|Any CPU
		{05018D7F-F647-43E8-98A6-AB79EE0C955A}.Debug|Any CPU.ActiveCfg = Debug|Any CPU
		{05018D7F-F647-43E8-98A6-AB79EE0C955A}.Debug|Any CPU.Build.0 = Debug|Any CPU
		{05018D7F-F647-43E8-98A6-AB79EE0C955A}.Debug|x64.ActiveCfg = Debug|Any CPU
		{05018D7F-F647-43E8-98A6-AB79EE0C955A}.Debug|x64.Build.0 = Debug|Any CPU
		{05018D7F-F647-43E8-98A6-AB79EE0C955A}.Debug|x86.ActiveCfg = Debug|Any CPU
		{05018D7F-F647-43E8-98A6-AB79EE0C955A}.Debug|x86.Build.0 = Debug|Any CPU
		{05018D7F-F647-43E8-98A6-AB79EE0C955A}.Release|Any CPU.ActiveCfg = Release|Any CPU
		{05018D7F-F647-43E8-98A6-AB79EE0C955A}.Release|Any CPU.Build.0 = Release|Any CPU
		{05018D7F-F647-43E8-98A6-AB79EE0C955A}.Release|x64.ActiveCfg = Release|Any CPU
		{05018D7F-F647-43E8-98A6-AB79EE0C955A}.Release|x64.Build.0 = Release|Any CPU
		{05018D7F-F647-43E8-98A6-AB79EE0C955A}.Release|x86.ActiveCfg = Release|Any CPU
		{05018D7F-F647-43E8-98A6-AB79EE0C955A}.Release|x86.Build.0 = Release|Any CPU
		{7B470D57-1EB7-480F-A0B9-42DFEAFCAFEA}.Debug|Any CPU.ActiveCfg = Debug|Any CPU
		{7B470D57-1EB7-480F-A0B9-42DFEAFCAFEA}.Debug|Any CPU.Build.0 = Debug|Any CPU
		{7B470D57-1EB7-480F-A0B9-42DFEAFCAFEA}.Debug|x64.ActiveCfg = Debug|Any CPU
		{7B470D57-1EB7-480F-A0B9-42DFEAFCAFEA}.Debug|x64.Build.0 = Debug|Any CPU
		{7B470D57-1EB7-480F-A0B9-42DFEAFCAFEA}.Debug|x86.ActiveCfg = Debug|Any CPU
		{7B470D57-1EB7-480F-A0B9-42DFEAFCAFEA}.Debug|x86.Build.0 = Debug|Any CPU
		{7B470D57-1EB7-480F-A0B9-42DFEAFCAFEA}.Release|Any CPU.ActiveCfg = Release|Any CPU
		{7B470D57-1EB7-480F-A0B9-42DFEAFCAFEA}.Release|Any CPU.Build.0 = Release|Any CPU
		{7B470D57-1EB7-480F-A0B9-42DFEAFCAFEA}.Release|x64.ActiveCfg = Release|Any CPU
		{7B470D57-1EB7-480F-A0B9-42DFEAFCAFEA}.Release|x64.Build.0 = Release|Any CPU
		{7B470D57-1EB7-480F-A0B9-42DFEAFCAFEA}.Release|x86.ActiveCfg = Release|Any CPU
		{7B470D57-1EB7-480F-A0B9-42DFEAFCAFEA}.Release|x86.Build.0 = Release|Any CPU
		{720DCA2D-8EC7-43AD-8E97-68AD21B65BD5}.Debug|Any CPU.ActiveCfg = Debug|Any CPU
		{720DCA2D-8EC7-43AD-8E97-68AD21B65BD5}.Debug|Any CPU.Build.0 = Debug|Any CPU
		{720DCA2D-8EC7-43AD-8E97-68AD21B65BD5}.Debug|x64.ActiveCfg = Debug|Any CPU
		{720DCA2D-8EC7-43AD-8E97-68AD21B65BD5}.Debug|x64.Build.0 = Debug|Any CPU
		{720DCA2D-8EC7-43AD-8E97-68AD21B65BD5}.Debug|x86.ActiveCfg = Debug|Any CPU
		{720DCA2D-8EC7-43AD-8E97-68AD21B65BD5}.Debug|x86.Build.0 = Debug|Any CPU
		{720DCA2D-8EC7-43AD-8E97-68AD21B65BD5}.Release|Any CPU.ActiveCfg = Release|Any CPU
		{720DCA2D-8EC7-43AD-8E97-68AD21B65BD5}.Release|Any CPU.Build.0 = Release|Any CPU
		{720DCA2D-8EC7-43AD-8E97-68AD21B65BD5}.Release|x64.ActiveCfg = Release|Any CPU
		{720DCA2D-8EC7-43AD-8E97-68AD21B65BD5}.Release|x64.Build.0 = Release|Any CPU
		{720DCA2D-8EC7-43AD-8E97-68AD21B65BD5}.Release|x86.ActiveCfg = Release|Any CPU
		{720DCA2D-8EC7-43AD-8E97-68AD21B65BD5}.Release|x86.Build.0 = Release|Any CPU
		{45109B51-0D75-443A-9D50-329E760CF53D}.Debug|Any CPU.ActiveCfg = Debug|Any CPU
		{45109B51-0D75-443A-9D50-329E760CF53D}.Debug|Any CPU.Build.0 = Debug|Any CPU
		{45109B51-0D75-443A-9D50-329E760CF53D}.Debug|x64.ActiveCfg = Debug|Any CPU
		{45109B51-0D75-443A-9D50-329E760CF53D}.Debug|x64.Build.0 = Debug|Any CPU
		{45109B51-0D75-443A-9D50-329E760CF53D}.Debug|x86.ActiveCfg = Debug|Any CPU
		{45109B51-0D75-443A-9D50-329E760CF53D}.Debug|x86.Build.0 = Debug|Any CPU
		{45109B51-0D75-443A-9D50-329E760CF53D}.Release|Any CPU.ActiveCfg = Release|Any CPU
		{45109B51-0D75-443A-9D50-329E760CF53D}.Release|Any CPU.Build.0 = Release|Any CPU
		{45109B51-0D75-443A-9D50-329E760CF53D}.Release|x64.ActiveCfg = Release|Any CPU
		{45109B51-0D75-443A-9D50-329E760CF53D}.Release|x64.Build.0 = Release|Any CPU
		{45109B51-0D75-443A-9D50-329E760CF53D}.Release|x86.ActiveCfg = Release|Any CPU
		{45109B51-0D75-443A-9D50-329E760CF53D}.Release|x86.Build.0 = Release|Any CPU
		{050A78EF-194C-4931-95F0-3ADA2951522E}.Debug|Any CPU.ActiveCfg = Debug|Any CPU
		{050A78EF-194C-4931-95F0-3ADA2951522E}.Debug|Any CPU.Build.0 = Debug|Any CPU
		{050A78EF-194C-4931-95F0-3ADA2951522E}.Debug|x64.ActiveCfg = Debug|Any CPU
		{050A78EF-194C-4931-95F0-3ADA2951522E}.Debug|x64.Build.0 = Debug|Any CPU
		{050A78EF-194C-4931-95F0-3ADA2951522E}.Debug|x86.ActiveCfg = Debug|Any CPU
		{050A78EF-194C-4931-95F0-3ADA2951522E}.Debug|x86.Build.0 = Debug|Any CPU
		{050A78EF-194C-4931-95F0-3ADA2951522E}.Release|Any CPU.ActiveCfg = Release|Any CPU
		{050A78EF-194C-4931-95F0-3ADA2951522E}.Release|Any CPU.Build.0 = Release|Any CPU
		{050A78EF-194C-4931-95F0-3ADA2951522E}.Release|x64.ActiveCfg = Release|Any CPU
		{050A78EF-194C-4931-95F0-3ADA2951522E}.Release|x64.Build.0 = Release|Any CPU
		{050A78EF-194C-4931-95F0-3ADA2951522E}.Release|x86.ActiveCfg = Release|Any CPU
		{050A78EF-194C-4931-95F0-3ADA2951522E}.Release|x86.Build.0 = Release|Any CPU
		{DE57B1AA-EB93-4151-B840-6E571757657D}.Debug|Any CPU.ActiveCfg = Debug|Any CPU
		{DE57B1AA-EB93-4151-B840-6E571757657D}.Debug|Any CPU.Build.0 = Debug|Any CPU
		{DE57B1AA-EB93-4151-B840-6E571757657D}.Debug|x64.ActiveCfg = Debug|Any CPU
		{DE57B1AA-EB93-4151-B840-6E571757657D}.Debug|x64.Build.0 = Debug|Any CPU
		{DE57B1AA-EB93-4151-B840-6E571757657D}.Debug|x86.ActiveCfg = Debug|Any CPU
		{DE57B1AA-EB93-4151-B840-6E571757657D}.Debug|x86.Build.0 = Debug|Any CPU
		{DE57B1AA-EB93-4151-B840-6E571757657D}.Release|Any CPU.ActiveCfg = Release|Any CPU
		{DE57B1AA-EB93-4151-B840-6E571757657D}.Release|Any CPU.Build.0 = Release|Any CPU
		{DE57B1AA-EB93-4151-B840-6E571757657D}.Release|x64.ActiveCfg = Release|Any CPU
		{DE57B1AA-EB93-4151-B840-6E571757657D}.Release|x64.Build.0 = Release|Any CPU
		{DE57B1AA-EB93-4151-B840-6E571757657D}.Release|x86.ActiveCfg = Release|Any CPU
		{DE57B1AA-EB93-4151-B840-6E571757657D}.Release|x86.Build.0 = Release|Any CPU
		{A59F8A86-8AF3-4B15-A8F2-7D9AEF5E94ED}.Debug|Any CPU.ActiveCfg = Debug|Any CPU
		{A59F8A86-8AF3-4B15-A8F2-7D9AEF5E94ED}.Debug|Any CPU.Build.0 = Debug|Any CPU
		{A59F8A86-8AF3-4B15-A8F2-7D9AEF5E94ED}.Debug|x64.ActiveCfg = Debug|Any CPU
		{A59F8A86-8AF3-4B15-A8F2-7D9AEF5E94ED}.Debug|x64.Build.0 = Debug|Any CPU
		{A59F8A86-8AF3-4B15-A8F2-7D9AEF5E94ED}.Debug|x86.ActiveCfg = Debug|Any CPU
		{A59F8A86-8AF3-4B15-A8F2-7D9AEF5E94ED}.Debug|x86.Build.0 = Debug|Any CPU
		{A59F8A86-8AF3-4B15-A8F2-7D9AEF5E94ED}.Release|Any CPU.ActiveCfg = Release|Any CPU
		{A59F8A86-8AF3-4B15-A8F2-7D9AEF5E94ED}.Release|Any CPU.Build.0 = Release|Any CPU
		{A59F8A86-8AF3-4B15-A8F2-7D9AEF5E94ED}.Release|x64.ActiveCfg = Release|Any CPU
		{A59F8A86-8AF3-4B15-A8F2-7D9AEF5E94ED}.Release|x64.Build.0 = Release|Any CPU
		{A59F8A86-8AF3-4B15-A8F2-7D9AEF5E94ED}.Release|x86.ActiveCfg = Release|Any CPU
		{A59F8A86-8AF3-4B15-A8F2-7D9AEF5E94ED}.Release|x86.Build.0 = Release|Any CPU
		{DB141DD1-5D3E-41F4-9422-F22FF29A9D17}.Debug|Any CPU.ActiveCfg = Debug|Any CPU
		{DB141DD1-5D3E-41F4-9422-F22FF29A9D17}.Debug|Any CPU.Build.0 = Debug|Any CPU
		{DB141DD1-5D3E-41F4-9422-F22FF29A9D17}.Debug|x64.ActiveCfg = Debug|Any CPU
		{DB141DD1-5D3E-41F4-9422-F22FF29A9D17}.Debug|x64.Build.0 = Debug|Any CPU
		{DB141DD1-5D3E-41F4-9422-F22FF29A9D17}.Debug|x86.ActiveCfg = Debug|Any CPU
		{DB141DD1-5D3E-41F4-9422-F22FF29A9D17}.Debug|x86.Build.0 = Debug|Any CPU
		{DB141DD1-5D3E-41F4-9422-F22FF29A9D17}.Release|Any CPU.ActiveCfg = Release|Any CPU
		{DB141DD1-5D3E-41F4-9422-F22FF29A9D17}.Release|Any CPU.Build.0 = Release|Any CPU
		{DB141DD1-5D3E-41F4-9422-F22FF29A9D17}.Release|x64.ActiveCfg = Release|Any CPU
		{DB141DD1-5D3E-41F4-9422-F22FF29A9D17}.Release|x64.Build.0 = Release|Any CPU
		{DB141DD1-5D3E-41F4-9422-F22FF29A9D17}.Release|x86.ActiveCfg = Release|Any CPU
		{DB141DD1-5D3E-41F4-9422-F22FF29A9D17}.Release|x86.Build.0 = Release|Any CPU
		{EB7A5594-B4F0-4D53-B379-A905C693B03D}.Debug|Any CPU.ActiveCfg = Debug|Any CPU
		{EB7A5594-B4F0-4D53-B379-A905C693B03D}.Debug|Any CPU.Build.0 = Debug|Any CPU
		{EB7A5594-B4F0-4D53-B379-A905C693B03D}.Debug|x64.ActiveCfg = Debug|Any CPU
		{EB7A5594-B4F0-4D53-B379-A905C693B03D}.Debug|x64.Build.0 = Debug|Any CPU
		{EB7A5594-B4F0-4D53-B379-A905C693B03D}.Debug|x86.ActiveCfg = Debug|Any CPU
		{EB7A5594-B4F0-4D53-B379-A905C693B03D}.Debug|x86.Build.0 = Debug|Any CPU
		{EB7A5594-B4F0-4D53-B379-A905C693B03D}.Release|Any CPU.ActiveCfg = Release|Any CPU
		{EB7A5594-B4F0-4D53-B379-A905C693B03D}.Release|Any CPU.Build.0 = Release|Any CPU
		{EB7A5594-B4F0-4D53-B379-A905C693B03D}.Release|x64.ActiveCfg = Release|Any CPU
		{EB7A5594-B4F0-4D53-B379-A905C693B03D}.Release|x64.Build.0 = Release|Any CPU
		{EB7A5594-B4F0-4D53-B379-A905C693B03D}.Release|x86.ActiveCfg = Release|Any CPU
		{EB7A5594-B4F0-4D53-B379-A905C693B03D}.Release|x86.Build.0 = Release|Any CPU
		{2D8A820B-B188-418E-8D66-38A2770A0704}.Debug|Any CPU.ActiveCfg = Debug|Any CPU
		{2D8A820B-B188-418E-8D66-38A2770A0704}.Debug|Any CPU.Build.0 = Debug|Any CPU
		{2D8A820B-B188-418E-8D66-38A2770A0704}.Debug|x64.ActiveCfg = Debug|Any CPU
		{2D8A820B-B188-418E-8D66-38A2770A0704}.Debug|x64.Build.0 = Debug|Any CPU
		{2D8A820B-B188-418E-8D66-38A2770A0704}.Debug|x86.ActiveCfg = Debug|Any CPU
		{2D8A820B-B188-418E-8D66-38A2770A0704}.Debug|x86.Build.0 = Debug|Any CPU
		{2D8A820B-B188-418E-8D66-38A2770A0704}.Release|Any CPU.ActiveCfg = Release|Any CPU
		{2D8A820B-B188-418E-8D66-38A2770A0704}.Release|Any CPU.Build.0 = Release|Any CPU
		{2D8A820B-B188-418E-8D66-38A2770A0704}.Release|x64.ActiveCfg = Release|Any CPU
		{2D8A820B-B188-418E-8D66-38A2770A0704}.Release|x64.Build.0 = Release|Any CPU
		{2D8A820B-B188-418E-8D66-38A2770A0704}.Release|x86.ActiveCfg = Release|Any CPU
		{2D8A820B-B188-418E-8D66-38A2770A0704}.Release|x86.Build.0 = Release|Any CPU
		{7A52BB21-019D-44B2-B254-FB15E36141BD}.Debug|Any CPU.ActiveCfg = Debug|Any CPU
		{7A52BB21-019D-44B2-B254-FB15E36141BD}.Debug|Any CPU.Build.0 = Debug|Any CPU
		{7A52BB21-019D-44B2-B254-FB15E36141BD}.Debug|x64.ActiveCfg = Debug|Any CPU
		{7A52BB21-019D-44B2-B254-FB15E36141BD}.Debug|x64.Build.0 = Debug|Any CPU
		{7A52BB21-019D-44B2-B254-FB15E36141BD}.Debug|x86.ActiveCfg = Debug|Any CPU
		{7A52BB21-019D-44B2-B254-FB15E36141BD}.Debug|x86.Build.0 = Debug|Any CPU
		{7A52BB21-019D-44B2-B254-FB15E36141BD}.Release|Any CPU.ActiveCfg = Release|Any CPU
		{7A52BB21-019D-44B2-B254-FB15E36141BD}.Release|Any CPU.Build.0 = Release|Any CPU
		{7A52BB21-019D-44B2-B254-FB15E36141BD}.Release|x64.ActiveCfg = Release|Any CPU
		{7A52BB21-019D-44B2-B254-FB15E36141BD}.Release|x64.Build.0 = Release|Any CPU
		{7A52BB21-019D-44B2-B254-FB15E36141BD}.Release|x86.ActiveCfg = Release|Any CPU
		{7A52BB21-019D-44B2-B254-FB15E36141BD}.Release|x86.Build.0 = Release|Any CPU
		{22008EAD-70F9-43E7-8483-33509F3B4250}.Debug|Any CPU.ActiveCfg = Debug|Any CPU
		{22008EAD-70F9-43E7-8483-33509F3B4250}.Debug|Any CPU.Build.0 = Debug|Any CPU
		{22008EAD-70F9-43E7-8483-33509F3B4250}.Debug|x64.ActiveCfg = Debug|Any CPU
		{22008EAD-70F9-43E7-8483-33509F3B4250}.Debug|x64.Build.0 = Debug|Any CPU
		{22008EAD-70F9-43E7-8483-33509F3B4250}.Debug|x86.ActiveCfg = Debug|Any CPU
		{22008EAD-70F9-43E7-8483-33509F3B4250}.Debug|x86.Build.0 = Debug|Any CPU
		{22008EAD-70F9-43E7-8483-33509F3B4250}.Release|Any CPU.ActiveCfg = Release|Any CPU
		{22008EAD-70F9-43E7-8483-33509F3B4250}.Release|Any CPU.Build.0 = Release|Any CPU
		{22008EAD-70F9-43E7-8483-33509F3B4250}.Release|x64.ActiveCfg = Release|Any CPU
		{22008EAD-70F9-43E7-8483-33509F3B4250}.Release|x64.Build.0 = Release|Any CPU
		{22008EAD-70F9-43E7-8483-33509F3B4250}.Release|x86.ActiveCfg = Release|Any CPU
		{22008EAD-70F9-43E7-8483-33509F3B4250}.Release|x86.Build.0 = Release|Any CPU
		{C87015CA-9597-4396-A0C9-733751D73887}.Debug|Any CPU.ActiveCfg = Debug|Any CPU
		{C87015CA-9597-4396-A0C9-733751D73887}.Debug|Any CPU.Build.0 = Debug|Any CPU
		{C87015CA-9597-4396-A0C9-733751D73887}.Debug|x64.ActiveCfg = Debug|Any CPU
		{C87015CA-9597-4396-A0C9-733751D73887}.Debug|x64.Build.0 = Debug|Any CPU
		{C87015CA-9597-4396-A0C9-733751D73887}.Debug|x86.ActiveCfg = Debug|Any CPU
		{C87015CA-9597-4396-A0C9-733751D73887}.Debug|x86.Build.0 = Debug|Any CPU
		{C87015CA-9597-4396-A0C9-733751D73887}.Release|Any CPU.ActiveCfg = Release|Any CPU
		{C87015CA-9597-4396-A0C9-733751D73887}.Release|Any CPU.Build.0 = Release|Any CPU
		{C87015CA-9597-4396-A0C9-733751D73887}.Release|x64.ActiveCfg = Release|Any CPU
		{C87015CA-9597-4396-A0C9-733751D73887}.Release|x64.Build.0 = Release|Any CPU
		{C87015CA-9597-4396-A0C9-733751D73887}.Release|x86.ActiveCfg = Release|Any CPU
		{C87015CA-9597-4396-A0C9-733751D73887}.Release|x86.Build.0 = Release|Any CPU
		{86CDEB33-EEFF-435D-AA9D-FF6E227F1CCF}.Debug|Any CPU.ActiveCfg = Debug|Any CPU
		{86CDEB33-EEFF-435D-AA9D-FF6E227F1CCF}.Debug|Any CPU.Build.0 = Debug|Any CPU
		{86CDEB33-EEFF-435D-AA9D-FF6E227F1CCF}.Debug|x64.ActiveCfg = Debug|Any CPU
		{86CDEB33-EEFF-435D-AA9D-FF6E227F1CCF}.Debug|x64.Build.0 = Debug|Any CPU
		{86CDEB33-EEFF-435D-AA9D-FF6E227F1CCF}.Debug|x86.ActiveCfg = Debug|Any CPU
		{86CDEB33-EEFF-435D-AA9D-FF6E227F1CCF}.Debug|x86.Build.0 = Debug|Any CPU
		{86CDEB33-EEFF-435D-AA9D-FF6E227F1CCF}.Release|Any CPU.ActiveCfg = Release|Any CPU
		{86CDEB33-EEFF-435D-AA9D-FF6E227F1CCF}.Release|Any CPU.Build.0 = Release|Any CPU
		{86CDEB33-EEFF-435D-AA9D-FF6E227F1CCF}.Release|x64.ActiveCfg = Release|Any CPU
		{86CDEB33-EEFF-435D-AA9D-FF6E227F1CCF}.Release|x64.Build.0 = Release|Any CPU
		{86CDEB33-EEFF-435D-AA9D-FF6E227F1CCF}.Release|x86.ActiveCfg = Release|Any CPU
		{86CDEB33-EEFF-435D-AA9D-FF6E227F1CCF}.Release|x86.Build.0 = Release|Any CPU
		{F85ADF47-E032-4AC1-8E2A-0712AC8F4C21}.Debug|Any CPU.ActiveCfg = Debug|Any CPU
		{F85ADF47-E032-4AC1-8E2A-0712AC8F4C21}.Debug|Any CPU.Build.0 = Debug|Any CPU
		{F85ADF47-E032-4AC1-8E2A-0712AC8F4C21}.Debug|x64.ActiveCfg = Debug|Any CPU
		{F85ADF47-E032-4AC1-8E2A-0712AC8F4C21}.Debug|x64.Build.0 = Debug|Any CPU
		{F85ADF47-E032-4AC1-8E2A-0712AC8F4C21}.Debug|x86.ActiveCfg = Debug|Any CPU
		{F85ADF47-E032-4AC1-8E2A-0712AC8F4C21}.Debug|x86.Build.0 = Debug|Any CPU
		{F85ADF47-E032-4AC1-8E2A-0712AC8F4C21}.Release|Any CPU.ActiveCfg = Release|Any CPU
		{F85ADF47-E032-4AC1-8E2A-0712AC8F4C21}.Release|Any CPU.Build.0 = Release|Any CPU
		{F85ADF47-E032-4AC1-8E2A-0712AC8F4C21}.Release|x64.ActiveCfg = Release|Any CPU
		{F85ADF47-E032-4AC1-8E2A-0712AC8F4C21}.Release|x64.Build.0 = Release|Any CPU
		{F85ADF47-E032-4AC1-8E2A-0712AC8F4C21}.Release|x86.ActiveCfg = Release|Any CPU
		{F85ADF47-E032-4AC1-8E2A-0712AC8F4C21}.Release|x86.Build.0 = Release|Any CPU
		{B7EA3FB2-CF05-4ECA-AC94-00F85AF2877C}.Debug|Any CPU.ActiveCfg = Debug|Any CPU
		{B7EA3FB2-CF05-4ECA-AC94-00F85AF2877C}.Debug|Any CPU.Build.0 = Debug|Any CPU
		{B7EA3FB2-CF05-4ECA-AC94-00F85AF2877C}.Debug|x64.ActiveCfg = Debug|Any CPU
		{B7EA3FB2-CF05-4ECA-AC94-00F85AF2877C}.Debug|x64.Build.0 = Debug|Any CPU
		{B7EA3FB2-CF05-4ECA-AC94-00F85AF2877C}.Debug|x86.ActiveCfg = Debug|Any CPU
		{B7EA3FB2-CF05-4ECA-AC94-00F85AF2877C}.Debug|x86.Build.0 = Debug|Any CPU
		{B7EA3FB2-CF05-4ECA-AC94-00F85AF2877C}.Release|Any CPU.ActiveCfg = Release|Any CPU
		{B7EA3FB2-CF05-4ECA-AC94-00F85AF2877C}.Release|Any CPU.Build.0 = Release|Any CPU
		{B7EA3FB2-CF05-4ECA-AC94-00F85AF2877C}.Release|x64.ActiveCfg = Release|Any CPU
		{B7EA3FB2-CF05-4ECA-AC94-00F85AF2877C}.Release|x64.Build.0 = Release|Any CPU
		{B7EA3FB2-CF05-4ECA-AC94-00F85AF2877C}.Release|x86.ActiveCfg = Release|Any CPU
		{B7EA3FB2-CF05-4ECA-AC94-00F85AF2877C}.Release|x86.Build.0 = Release|Any CPU
		{9005315A-F513-44AE-ABBE-AC423AC8DC13}.Debug|Any CPU.ActiveCfg = Debug|Any CPU
		{9005315A-F513-44AE-ABBE-AC423AC8DC13}.Debug|Any CPU.Build.0 = Debug|Any CPU
		{9005315A-F513-44AE-ABBE-AC423AC8DC13}.Debug|x64.ActiveCfg = Debug|Any CPU
		{9005315A-F513-44AE-ABBE-AC423AC8DC13}.Debug|x64.Build.0 = Debug|Any CPU
		{9005315A-F513-44AE-ABBE-AC423AC8DC13}.Debug|x86.ActiveCfg = Debug|Any CPU
		{9005315A-F513-44AE-ABBE-AC423AC8DC13}.Debug|x86.Build.0 = Debug|Any CPU
		{9005315A-F513-44AE-ABBE-AC423AC8DC13}.Release|Any CPU.ActiveCfg = Release|Any CPU
		{9005315A-F513-44AE-ABBE-AC423AC8DC13}.Release|Any CPU.Build.0 = Release|Any CPU
		{9005315A-F513-44AE-ABBE-AC423AC8DC13}.Release|x64.ActiveCfg = Release|Any CPU
		{9005315A-F513-44AE-ABBE-AC423AC8DC13}.Release|x64.Build.0 = Release|Any CPU
		{9005315A-F513-44AE-ABBE-AC423AC8DC13}.Release|x86.ActiveCfg = Release|Any CPU
		{9005315A-F513-44AE-ABBE-AC423AC8DC13}.Release|x86.Build.0 = Release|Any CPU
		{72FE0B3E-39BD-4065-ADB4-4B064F0DFACC}.Debug|Any CPU.ActiveCfg = Debug|Any CPU
		{72FE0B3E-39BD-4065-ADB4-4B064F0DFACC}.Debug|Any CPU.Build.0 = Debug|Any CPU
		{72FE0B3E-39BD-4065-ADB4-4B064F0DFACC}.Debug|x64.ActiveCfg = Debug|Any CPU
		{72FE0B3E-39BD-4065-ADB4-4B064F0DFACC}.Debug|x64.Build.0 = Debug|Any CPU
		{72FE0B3E-39BD-4065-ADB4-4B064F0DFACC}.Debug|x86.ActiveCfg = Debug|Any CPU
		{72FE0B3E-39BD-4065-ADB4-4B064F0DFACC}.Debug|x86.Build.0 = Debug|Any CPU
		{72FE0B3E-39BD-4065-ADB4-4B064F0DFACC}.Release|Any CPU.ActiveCfg = Release|Any CPU
		{72FE0B3E-39BD-4065-ADB4-4B064F0DFACC}.Release|Any CPU.Build.0 = Release|Any CPU
		{72FE0B3E-39BD-4065-ADB4-4B064F0DFACC}.Release|x64.ActiveCfg = Release|Any CPU
		{72FE0B3E-39BD-4065-ADB4-4B064F0DFACC}.Release|x64.Build.0 = Release|Any CPU
		{72FE0B3E-39BD-4065-ADB4-4B064F0DFACC}.Release|x86.ActiveCfg = Release|Any CPU
		{72FE0B3E-39BD-4065-ADB4-4B064F0DFACC}.Release|x86.Build.0 = Release|Any CPU
		{F51D0607-5D7A-441C-8012-58C07CBC56AC}.Debug|Any CPU.ActiveCfg = Debug|Any CPU
		{F51D0607-5D7A-441C-8012-58C07CBC56AC}.Debug|Any CPU.Build.0 = Debug|Any CPU
		{F51D0607-5D7A-441C-8012-58C07CBC56AC}.Debug|x64.ActiveCfg = Debug|Any CPU
		{F51D0607-5D7A-441C-8012-58C07CBC56AC}.Debug|x64.Build.0 = Debug|Any CPU
		{F51D0607-5D7A-441C-8012-58C07CBC56AC}.Debug|x86.ActiveCfg = Debug|Any CPU
		{F51D0607-5D7A-441C-8012-58C07CBC56AC}.Debug|x86.Build.0 = Debug|Any CPU
		{F51D0607-5D7A-441C-8012-58C07CBC56AC}.Release|Any CPU.ActiveCfg = Release|Any CPU
		{F51D0607-5D7A-441C-8012-58C07CBC56AC}.Release|Any CPU.Build.0 = Release|Any CPU
		{F51D0607-5D7A-441C-8012-58C07CBC56AC}.Release|x64.ActiveCfg = Release|Any CPU
		{F51D0607-5D7A-441C-8012-58C07CBC56AC}.Release|x64.Build.0 = Release|Any CPU
		{F51D0607-5D7A-441C-8012-58C07CBC56AC}.Release|x86.ActiveCfg = Release|Any CPU
		{F51D0607-5D7A-441C-8012-58C07CBC56AC}.Release|x86.Build.0 = Release|Any CPU
		{D68C2730-1162-40FE-B20C-7718D7F1C993}.Debug|Any CPU.ActiveCfg = Debug|Any CPU
		{D68C2730-1162-40FE-B20C-7718D7F1C993}.Debug|Any CPU.Build.0 = Debug|Any CPU
		{D68C2730-1162-40FE-B20C-7718D7F1C993}.Debug|x64.ActiveCfg = Debug|Any CPU
		{D68C2730-1162-40FE-B20C-7718D7F1C993}.Debug|x64.Build.0 = Debug|Any CPU
		{D68C2730-1162-40FE-B20C-7718D7F1C993}.Debug|x86.ActiveCfg = Debug|Any CPU
		{D68C2730-1162-40FE-B20C-7718D7F1C993}.Debug|x86.Build.0 = Debug|Any CPU
		{D68C2730-1162-40FE-B20C-7718D7F1C993}.Release|Any CPU.ActiveCfg = Release|Any CPU
		{D68C2730-1162-40FE-B20C-7718D7F1C993}.Release|Any CPU.Build.0 = Release|Any CPU
		{D68C2730-1162-40FE-B20C-7718D7F1C993}.Release|x64.ActiveCfg = Release|Any CPU
		{D68C2730-1162-40FE-B20C-7718D7F1C993}.Release|x64.Build.0 = Release|Any CPU
		{D68C2730-1162-40FE-B20C-7718D7F1C993}.Release|x86.ActiveCfg = Release|Any CPU
		{D68C2730-1162-40FE-B20C-7718D7F1C993}.Release|x86.Build.0 = Release|Any CPU
	EndGlobalSection
	GlobalSection(SolutionProperties) = preSolution
		HideSolutionNode = FALSE
	EndGlobalSection
	GlobalSection(NestedProjects) = preSolution
		{ADCE4F8C-91A4-405B-ACD7-AD0F35036C67} = {5751A714-1C63-4459-AE6F-B239AFE570E4}
		{40E3DE5C-7B7B-4C08-94C3-3E7ADE73FC7F} = {5751A714-1C63-4459-AE6F-B239AFE570E4}
		{2C80E5D8-D64A-471F-8961-28D4A75B4B93} = {E43C7668-D288-496F-90C4-887287F717D4}
		{3140538F-FDCB-4CBA-A241-F1756CC01AF1} = {E43C7668-D288-496F-90C4-887287F717D4}
		{D1D74F42-05EC-4FF2-A73F-0C5D66BD9A64} = {E43C7668-D288-496F-90C4-887287F717D4}
		{9DDC7323-74CA-4C0D-BB20-0BD147AC85B7} = {E43C7668-D288-496F-90C4-887287F717D4}
		{0394D0C1-4862-4DF8-BC16-12F370ECD70C} = {5751A714-1C63-4459-AE6F-B239AFE570E4}
		{6658E4FA-BA99-44AE-9218-5F07B39E4897} = {5751A714-1C63-4459-AE6F-B239AFE570E4}
		{0731B436-8589-4CF4-AA80-4B485CEED45B} = {5751A714-1C63-4459-AE6F-B239AFE570E4}
		{2768E70C-0685-490D-ACD0-D747845906ED} = {5751A714-1C63-4459-AE6F-B239AFE570E4}
		{4A1154A2-5443-4A45-BF59-B6A991E18B3C} = {E43C7668-D288-496F-90C4-887287F717D4}
		{FD73655A-BDD9-4D11-91AA-544296307618} = {E43C7668-D288-496F-90C4-887287F717D4}
		{D17034C2-3A82-4B7C-9C0E-AF04B10381F2} = {5751A714-1C63-4459-AE6F-B239AFE570E4}
		{7E54416E-8A4E-4FF1-96C1-DDDA0B476A4E} = {E43C7668-D288-496F-90C4-887287F717D4}
		{513E86E8-F7EE-4032-88E6-5C9C4AE60204} = {E43C7668-D288-496F-90C4-887287F717D4}
		{48B68B63-E721-4B23-A97E-1C53F8874D5A} = {E43C7668-D288-496F-90C4-887287F717D4}
		{AB3616C4-02A8-49DD-9AFD-1B8ADD7F792E} = {E43C7668-D288-496F-90C4-887287F717D4}
		{A9E743C7-349A-4F42-9F51-5A3C04C4189B} = {E43C7668-D288-496F-90C4-887287F717D4}
		{0FBCD3A3-D8AA-49F2-90DC-872B6E804B02} = {5751A714-1C63-4459-AE6F-B239AFE570E4}
		{29AE4FC8-AB46-4513-9367-225593B017BA} = {5751A714-1C63-4459-AE6F-B239AFE570E4}
		{199A03BA-30B7-4FC1-8588-8250764D9C89} = {E43C7668-D288-496F-90C4-887287F717D4}
		{0DDE268F-DCE3-4357-B1BD-7C1782C7D828} = {E43C7668-D288-496F-90C4-887287F717D4}
		{D3CF3698-3388-40EA-A8DB-26C396F127BF} = {E43C7668-D288-496F-90C4-887287F717D4}
		{444DBC5C-E61F-4A0A-AB80-B117A09BFF51} = {E43C7668-D288-496F-90C4-887287F717D4}
		{05FD9E64-5AE4-4271-993B-63B7FF4824A7} = {E43C7668-D288-496F-90C4-887287F717D4}
		{5C867DD2-FBB3-44C8-9C00-CA02006E6FB2} = {E43C7668-D288-496F-90C4-887287F717D4}
		{1058BBA1-B29C-4172-9240-603FFEAD2071} = {5751A714-1C63-4459-AE6F-B239AFE570E4}
		{45109B51-0D75-443A-9D50-329E760CF53D} = {5751A714-1C63-4459-AE6F-B239AFE570E4}
		{DE57B1AA-EB93-4151-B840-6E571757657D} = {E43C7668-D288-496F-90C4-887287F717D4}
		{DB141DD1-5D3E-41F4-9422-F22FF29A9D17} = {E43C7668-D288-496F-90C4-887287F717D4}
		{EB7A5594-B4F0-4D53-B379-A905C693B03D} = {5751A714-1C63-4459-AE6F-B239AFE570E4}
		{86CDEB33-EEFF-435D-AA9D-FF6E227F1CCF} = {5751A714-1C63-4459-AE6F-B239AFE570E4}
		{22008EAD-70F9-43E7-8483-33509F3B4250} = {5751A714-1C63-4459-AE6F-B239AFE570E4}
		{F51D0607-5D7A-441C-8012-58C07CBC56AC} = {E43C7668-D288-496F-90C4-887287F717D4}
		{D68C2730-1162-40FE-B20C-7718D7F1C993} = {5751A714-1C63-4459-AE6F-B239AFE570E4}
	EndGlobalSection
EndGlobal
